// !$*UTF8*$!
{
	archiveVersion = 1;
	classes = {
	};
	objectVersion = 77;
	objects = {

/* Begin PBXBuildFile section */
		11A2B3C4D5E6F708192A3B4C /* TurnFileAutocompleteTokenTests.swift in Sources */ = {isa = PBXBuildFile; fileRef = 11A2B3C4D5E6F708192A3B4D /* TurnFileAutocompleteTokenTests.swift */; };
		1BF7B512D49503A3C3290F00 /* BridgeMenuBarStore.swift in Sources */ = {isa = PBXBuildFile; fileRef = 3A1FC345ADD350213550F36C /* BridgeMenuBarStore.swift */; };
		22B3C4D5E6F708192A3B4C5D /* CodexFuzzyFileSearchDecodeTests.swift in Sources */ = {isa = PBXBuildFile; fileRef = 22B3C4D5E6F708192A3B4C5E /* CodexFuzzyFileSearchDecodeTests.swift */; };
		2A6D4B8C1E3F507192A4B6C8 /* CodexStatusTests.swift in Sources */ = {isa = PBXBuildFile; fileRef = 2A6D4B8C1E3F507192A4B6C9 /* CodexStatusTests.swift */; };
		45ECA26015C46B1F63E84A73 /* Assets.xcassets in Resources */ = {isa = PBXBuildFile; fileRef = A932BE773A84EFEA525DF684 /* Assets.xcassets */; };
		4C0F0D55A5051D8301463C69 /* TurnComposerSendAvailabilityTests.swift in Sources */ = {isa = PBXBuildFile; fileRef = 74BE370810CFD7A76DC2A25F /* TurnComposerSendAvailabilityTests.swift */; };
		4CCE0926DAD312571934343A /* TurnTimelineReducerTests.swift in Sources */ = {isa = PBXBuildFile; fileRef = 4EEB36EBEA2A475AC9B30B1F /* TurnTimelineReducerTests.swift */; };
		4CCE0926DAD3125719343440 /* TurnTimelineReducerDeduplicationTests.swift in Sources */ = {isa = PBXBuildFile; fileRef = 4EEB36EBEA2A475AC9B30B20 /* TurnTimelineReducerDeduplicationTests.swift */; };
		4CCE0926DAD3125719343462 /* TurnTimelineReducerFileChangeDeduplicationTests.swift in Sources */ = {isa = PBXBuildFile; fileRef = 4EEB36EBEA2A475AC9B30B62 /* TurnTimelineReducerFileChangeDeduplicationTests.swift */; };
		4CCE0926DAD3125719343463 /* TurnTimelineReducerFileChangeSnapshotDeduplicationTests.swift in Sources */ = {isa = PBXBuildFile; fileRef = 4EEB36EBEA2A475AC9B30B63 /* TurnTimelineReducerFileChangeSnapshotDeduplicationTests.swift */; };
		4CCE0926DAD3125719343441 /* TurnTimelineReducerOrderingTests.swift in Sources */ = {isa = PBXBuildFile; fileRef = 4EEB36EBEA2A475AC9B30B21 /* TurnTimelineReducerOrderingTests.swift */; };
		4CCE0926DAD3125719343442 /* TurnTimelineRenderProjectionTests.swift in Sources */ = {isa = PBXBuildFile; fileRef = 4EEB36EBEA2A475AC9B30B22 /* TurnTimelineRenderProjectionTests.swift */; };
		4CCE0926DAD3125719343460 /* TurnTimelineCompletedTurnProjectionTests.swift in Sources */ = {isa = PBXBuildFile; fileRef = 4EEB36EBEA2A475AC9B30B60 /* TurnTimelineCompletedTurnProjectionTests.swift */; };
		4CCE0926DAD3125719343461 /* TurnTimelineFileChangeProjectionTests.swift in Sources */ = {isa = PBXBuildFile; fileRef = 4EEB36EBEA2A475AC9B30B61 /* TurnTimelineFileChangeProjectionTests.swift */; };
		4CCE0926DAD3125719343443 /* TurnScrollStateTrackerTests.swift in Sources */ = {isa = PBXBuildFile; fileRef = 4EEB36EBEA2A475AC9B30B23 /* TurnScrollStateTrackerTests.swift */; };
		4CCE0926DAD3125719343444 /* TurnTimelineTestFixtures.swift in Sources */ = {isa = PBXBuildFile; fileRef = 4EEB36EBEA2A475AC9B30B24 /* TurnTimelineTestFixtures.swift */; };
		4CCE0926DAD3125719343445 /* TurnTimelineMarkdownRenderingTests.swift in Sources */ = {isa = PBXBuildFile; fileRef = 4EEB36EBEA2A475AC9B30B25 /* TurnTimelineMarkdownRenderingTests.swift */; };
		4CCE0926DAD3125719343446 /* TurnTimelineAssistantBlockInfoTests.swift in Sources */ = {isa = PBXBuildFile; fileRef = 4EEB36EBEA2A475AC9B30B26 /* TurnTimelineAssistantBlockInfoTests.swift */; };
		FA571E0001000000000000F2 /* WorkspaceFileLinkResolverTests.swift in Sources */ = {isa = PBXBuildFile; fileRef = FA571E0001000000000000F1 /* WorkspaceFileLinkResolverTests.swift */; };
		FA571E0002000000000000F4 /* WorkspaceSVGPreviewSecurityTests.swift in Sources */ = {isa = PBXBuildFile; fileRef = FA571E0002000000000000F3 /* WorkspaceSVGPreviewSecurityTests.swift */; };
		FA571E0003000000000000F6 /* TerminalPasteTests.swift in Sources */ = {isa = PBXBuildFile; fileRef = FA571E0003000000000000F5 /* TerminalPasteTests.swift */; };
		FA571E0004000000000000F8 /* StreamingMarkdownBlockSplitterTests.swift in Sources */ = {isa = PBXBuildFile; fileRef = FA571E0004000000000000F7 /* StreamingMarkdownBlockSplitterTests.swift */; };
		FA571E0005000000000000FA /* StreamingUIInteractionMonitorTests.swift in Sources */ = {isa = PBXBuildFile; fileRef = FA571E0005000000000000F9 /* StreamingUIInteractionMonitorTests.swift */; };
		516497899B5C9A82CD10D93F /* Foundation.framework in Frameworks */ = {isa = PBXBuildFile; fileRef = 9A37794F4B32C1952A3770E0 /* Foundation.framework */; };
		536FE94CCA889CE20A57EC42 /* BridgeControlService.swift in Sources */ = {isa = PBXBuildFile; fileRef = 357D589B8C179934A884F8CC /* BridgeControlService.swift */; };
		5D0DB447AAE8F5B60D164223 /* BridgeMenuBarViews.swift in Sources */ = {isa = PBXBuildFile; fileRef = 53C1E3E027CF4B98453962A0 /* BridgeMenuBarViews.swift */; };
		653D2279D3E2FEE59237D854 /* BridgeControlModels.swift in Sources */ = {isa = PBXBuildFile; fileRef = C9CD1EA13B728103A5654EEA /* BridgeControlModels.swift */; };
		6F8E129A7BC34A12D45E6F70 /* CodexThreadStartProjectBindingTests.swift in Sources */ = {isa = PBXBuildFile; fileRef = 6F8E129A7BC34A12D45E6F71 /* CodexThreadStartProjectBindingTests.swift */; };
		7A1B2C3D4E5F60718293A4B5 /* CodexThreadRuntimeOverrideTests.swift in Sources */ = {isa = PBXBuildFile; fileRef = 7A1B2C3D4E5F60718293A4B6 /* CodexThreadRuntimeOverrideTests.swift */; };
		7EFA3E8309EF41CA902C7A67 /* AssistantTurnEndActionVisibilityTests.swift in Sources */ = {isa = PBXBuildFile; fileRef = 02C96CD0916A43F38184398D /* AssistantTurnEndActionVisibilityTests.swift */; };
		8B4A2F5E7D1C4B9AA1234567 /* TurnComposerAttachmentIntakePlanTests.swift in Sources */ = {isa = PBXBuildFile; fileRef = 8B4A2F5E7D1C4B9AA1234568 /* TurnComposerAttachmentIntakePlanTests.swift */; };
		8CE11223A4B5C6D7E8F90123 /* SidebarRunBadgePerformanceTests.swift in Sources */ = {isa = PBXBuildFile; fileRef = 8CE11223A4B5C6D7E8F90124 /* SidebarRunBadgePerformanceTests.swift */; };
		8D1F2A3B4C5D6E7F8091A2B3 /* CodexServiceConnectionErrorTests.swift in Sources */ = {isa = PBXBuildFile; fileRef = 8D1F2A3B4C5D6E7F8091A2B4 /* CodexServiceConnectionErrorTests.swift */; };
		8F1A2B3C4D5E6F708192A3B4 /* CodexPushNotificationRegistrationTests.swift in Sources */ = {isa = PBXBuildFile; fileRef = 8F1A2B3C4D5E6F708192A3B5 /* CodexPushNotificationRegistrationTests.swift */; };
		90120FC72C9B8D0F5F03F14D /* AgntMobileUITests.swift in Sources */ = {isa = PBXBuildFile; fileRef = D523A0A98D6540D0E2EE6131 /* AgntMobileUITests.swift */; };
		9D7C9A8B7E6D5C4B3A291817 /* TurnViewModelQueueTests.swift in Sources */ = {isa = PBXBuildFile; fileRef = 9D7C9A8B7E6D5C4B3A291818 /* TurnViewModelQueueTests.swift */; };
		9D7C9A8B7E6D5C4B3A291819 /* TurnViewModelQueueTestSupport.swift in Sources */ = {isa = PBXBuildFile; fileRef = 9D7C9A8B7E6D5C4B3A29181A /* TurnViewModelQueueTestSupport.swift */; };
		9D7C9A8B7E6D5C4B3A29181B /* TurnViewModelQueueSteeringTests.swift in Sources */ = {isa = PBXBuildFile; fileRef = 9D7C9A8B7E6D5C4B3A29181C /* TurnViewModelQueueSteeringTests.swift */; };
		9D7C9A8B7E6D5C4B3A29181D /* TurnViewModelQueueTurnStateTests.swift in Sources */ = {isa = PBXBuildFile; fileRef = 9D7C9A8B7E6D5C4B3A29181E /* TurnViewModelQueueTurnStateTests.swift */; };
		A1D2E3F4B5C6D7E8F9001120 /* MyDevicesPresentationTests.swift in Sources */ = {isa = PBXBuildFile; fileRef = A1D2E3F4B5C6D7E8F9001121 /* MyDevicesPresentationTests.swift */; };
		A2B3C4D5E6F708192A3B4C6 /* CodexServiceThreadListTests.swift in Sources */ = {isa = PBXBuildFile; fileRef = A2B3C4D5E6F708192A3B4C7 /* CodexServiceThreadListTests.swift */; };
		A4B0C1D2E3F4051627384A02 /* GhosttyKit.xcframework in Frameworks */ = {isa = PBXBuildFile; fileRef = A4B0C1D2E3F4051627384A01 /* GhosttyKit.xcframework */; };
		A4B0C1D2E3F4051627384A04 /* IOSurface.framework in Frameworks */ = {isa = PBXBuildFile; fileRef = A4B0C1D2E3F4051627384A03 /* IOSurface.framework */; };
		A4B0C1D2E3F4051627384A06 /* Metal.framework in Frameworks */ = {isa = PBXBuildFile; fileRef = A4B0C1D2E3F4051627384A05 /* Metal.framework */; };
		A4B0C1D2E3F4051627384A08 /* MetalKit.framework in Frameworks */ = {isa = PBXBuildFile; fileRef = A4B0C1D2E3F4051627384A07 /* MetalKit.framework */; };
		A4B0C1D2E3F4051627384A0A /* QuartzCore.framework in Frameworks */ = {isa = PBXBuildFile; fileRef = A4B0C1D2E3F4051627384A09 /* QuartzCore.framework */; };
		A4B0C1D2E3F4051627384A0C /* libc++.tbd in Frameworks */ = {isa = PBXBuildFile; fileRef = A4B0C1D2E3F4051627384A0B /* libc++.tbd */; };
		A4B0C1D2E3F4051627384A0E /* libz.tbd in Frameworks */ = {isa = PBXBuildFile; fileRef = A4B0C1D2E3F4051627384A0D /* libz.tbd */; };
		A4B0C1D2E3F4051627384A10 /* UIKit.framework in Frameworks */ = {isa = PBXBuildFile; fileRef = A4B0C1D2E3F4051627384A0F /* UIKit.framework */; };
		A9F1B2C3D4E5F60718293A40 /* TurnSkillAutocompleteTokenTests.swift in Sources */ = {isa = PBXBuildFile; fileRef = A9F1B2C3D4E5F60718293A41 /* TurnSkillAutocompleteTokenTests.swift */; };
		A9F1B2C3D4E5F60718293A42 /* CodexSkillsListDecodeTests.swift in Sources */ = {isa = PBXBuildFile; fileRef = A9F1B2C3D4E5F60718293A43 /* CodexSkillsListDecodeTests.swift */; };
		A9F1B2C3D4E5F60718293A44 /* CodexTurnInputPayloadSkillTests.swift in Sources */ = {isa = PBXBuildFile; fileRef = A9F1B2C3D4E5F60718293A45 /* CodexTurnInputPayloadSkillTests.swift */; };
		A9F1B2C3D4E5F60718293A46 /* CodexStructuredUserInputDecodeTests.swift in Sources */ = {isa = PBXBuildFile; fileRef = A9F1B2C3D4E5F60718293A47 /* CodexStructuredUserInputDecodeTests.swift */; };
		AB1C2D3E4F5061728394A5B7 /* TurnComposerReviewModeTests.swift in Sources */ = {isa = PBXBuildFile; fileRef = AB1C2D3E4F5061728394A5B6 /* TurnComposerReviewModeTests.swift */; };
		B0C1D2E3F40516273849A5B7 /* TurnSlashCommandTokenTests.swift in Sources */ = {isa = PBXBuildFile; fileRef = B0C1D2E3F40516273849A5B6 /* TurnSlashCommandTokenTests.swift */; };
		B0C1D2E3F40516273849A5C1 /* CodexServiceIncomingContextCompactionTests.swift in Sources */ = {isa = PBXBuildFile; fileRef = B0C1D2E3F40516273849A5C2 /* CodexServiceIncomingContextCompactionTests.swift */; };
		B1C2D3E4F5061728394A5B6C /* CodexServiceIncomingCommandExecutionTests.swift in Sources */ = {isa = PBXBuildFile; fileRef = C1D2E3F40516273849A5B6C7 /* CodexServiceIncomingCommandExecutionTests.swift */; };
		B1C2D3E4F5061728394A5B6E /* CodexServiceIncomingCommandExecutionTestSupport.swift in Sources */ = {isa = PBXBuildFile; fileRef = C1D2E3F40516273849A5B6E9 /* CodexServiceIncomingCommandExecutionTestSupport.swift */; };
		B1C2D3E4F5061728394A5B70 /* CodexServiceIncomingToolActivityTests.swift in Sources */ = {isa = PBXBuildFile; fileRef = C1D2E3F40516273849A5B701 /* CodexServiceIncomingToolActivityTests.swift */; };
		B1C2D3E4F5061728394A5B72 /* CodexServiceIncomingHistoryReconcileTests.swift in Sources */ = {isa = PBXBuildFile; fileRef = C1D2E3F40516273849A5B723 /* CodexServiceIncomingHistoryReconcileTests.swift */; };
		B1C2D3E4F5061728394A5B8C /* CodexServiceIncomingHistoryMergeTests.swift in Sources */ = {isa = PBXBuildFile; fileRef = C1D2E3F40516273849A5B8D /* CodexServiceIncomingHistoryMergeTests.swift */; };
		B1C2D3E4F5061728394A5B8A /* CodexServiceIncomingFileChangeTests.swift in Sources */ = {isa = PBXBuildFile; fileRef = C1D2E3F40516273849A5B8B /* CodexServiceIncomingFileChangeTests.swift */; };
		B1C2D3E4F5061728394A5B6D /* CodexServiceIncomingImageGenerationTests.swift in Sources */ = {isa = PBXBuildFile; fileRef = C1D2E3F40516273849A5B6D8 /* CodexServiceIncomingImageGenerationTests.swift */; };
		B2C3D4E5F60718293A4B5C82 /* CodexPlanStructuredInputTests.swift in Sources */ = {isa = PBXBuildFile; fileRef = B2C3D4E5F60718293A4B5C83 /* CodexPlanStructuredInputTests.swift */; };
		B2C3D4E5F60718293A4B5C80 /* CodexPlanMessageTests.swift in Sources */ = {isa = PBXBuildFile; fileRef = B2C3D4E5F60718293A4B5C81 /* CodexPlanMessageTests.swift */; };
		B3C4D5E6F708192A3B4C5D6E /* CodexPlanModeTests.swift in Sources */ = {isa = PBXBuildFile; fileRef = B3C4D5E6F708192A3B4C5D6F /* CodexPlanModeTests.swift */; };
		B3C4D5E6F708192A3B4C5D70 /* CodexPlanModeTestSupport.swift in Sources */ = {isa = PBXBuildFile; fileRef = B3C4D5E6F708192A3B4C5D71 /* CodexPlanModeTestSupport.swift */; };
		B3C4D5E6F708192A3B4C5D72 /* CodexPlanModeResetTests.swift in Sources */ = {isa = PBXBuildFile; fileRef = B3C4D5E6F708192A3B4C5D73 /* CodexPlanModeResetTests.swift */; };
		B3C4D5E6F708192A3B4C5D74 /* CodexPlanModeTimelineTests.swift in Sources */ = {isa = PBXBuildFile; fileRef = B3C4D5E6F708192A3B4C5D75 /* CodexPlanModeTimelineTests.swift */; };
		B3C4D5E6F708192A3B4C5D76 /* CodexPlanModeQuestionnaireTests.swift in Sources */ = {isa = PBXBuildFile; fileRef = B3C4D5E6F708192A3B4C5D77 /* CodexPlanModeQuestionnaireTests.swift */; };
		B4C5D6E7F8091A2B3C4D5E70 /* CodexServiceIncomingReplayMirrorTests.swift in Sources */ = {isa = PBXBuildFile; fileRef = B4C5D6E7F8091A2B3C4D5E71 /* CodexServiceIncomingReplayMirrorTests.swift */; };
		B4C5D6E7F8091A2B3C4D5E72 /* CodexServiceIncomingStreamingTests.swift in Sources */ = {isa = PBXBuildFile; fileRef = B4C5D6E7F8091A2B3C4D5E73 /* CodexServiceIncomingStreamingTests.swift */; };
		B4C5D6E7F8091A2B3C4D5E74 /* CodexServiceIncomingLegacyStreamingTests.swift in Sources */ = {isa = PBXBuildFile; fileRef = B4C5D6E7F8091A2B3C4D5E75 /* CodexServiceIncomingLegacyStreamingTests.swift */; };
		B4C5D6E7F8091A2B3C4D5E76 /* CodexServiceIncomingHistoryStreamingTests.swift in Sources */ = {isa = PBXBuildFile; fileRef = B4C5D6E7F8091A2B3C4D5E77 /* CodexServiceIncomingHistoryStreamingTests.swift */; };
		B4C5D6E7F8091A2B3C4D5E78 /* CodexServiceIncomingStreamingTestSupport.swift in Sources */ = {isa = PBXBuildFile; fileRef = B4C5D6E7F8091A2B3C4D5E79 /* CodexServiceIncomingStreamingTestSupport.swift */; };
		B5C6D7E8F9012A3B4C5D6E71 /* CodexServiceIncomingRunStateTests.swift in Sources */ = {isa = PBXBuildFile; fileRef = B5C6D7E8F9012A3B4C5D6E72 /* CodexServiceIncomingRunStateTests.swift */; };
		B7A1C2D3E4F5061728394051 /* SidebarThreadGroupingTests.swift in Sources */ = {isa = PBXBuildFile; fileRef = B7A1C2D3E4F5061728394052 /* SidebarThreadGroupingTests.swift */; };
		C04E214D2F71D4DB00AA3193 /* StoreKit.framework in Frameworks */ = {isa = PBXBuildFile; fileRef = C04E214C2F71D4DB00AA3193 /* StoreKit.framework */; };
		C078C1A22F79000100BEEF01 /* Citadel in Frameworks */ = {isa = PBXBuildFile; productRef = C078C1A12F79000100BEEF01 /* Citadel */; };
		C0DED3362F5E39DC0021A8E8 /* Textual in Frameworks */ = {isa = PBXBuildFile; productRef = C0DED3352F5E39DC0021A8E8 /* Textual */; };
		D27B9CA5F0B60ECA8AF38016 /* Foundation.framework in Frameworks */ = {isa = PBXBuildFile; fileRef = 9A37794F4B32C1952A3770E0 /* Foundation.framework */; };
		D4F56781234567890ABCDE01 /* CodexServiceIncomingRunIndicatorTests.swift in Sources */ = {isa = PBXBuildFile; fileRef = D4F56781234567890ABCDE02 /* CodexServiceIncomingRunIndicatorTests.swift */; };
		DAAD0C0C717F9415C3E9D21A /* AgntMenuBarApp.swift in Sources */ = {isa = PBXBuildFile; fileRef = C0B9CCCCC45E47616AB452FA /* AgntMenuBarApp.swift */; };
		DC6E023DD6E4FA68DF3D7FDE /* Cocoa.framework in Frameworks */ = {isa = PBXBuildFile; fileRef = E5E1FA12CF5120C8C8A64111 /* Cocoa.framework */; };
		E1A2B3C4D5E6F708192A3B4C /* QRScannerPairingValidatorTests.swift in Sources */ = {isa = PBXBuildFile; fileRef = E1A2B3C4D5E6F708192A3B4D /* QRScannerPairingValidatorTests.swift */; };
		F1B2C3D4E5F60718293A4B10 /* CodexGPTAccountTests.swift in Sources */ = {isa = PBXBuildFile; fileRef = F1B2C3D4E5F60718293A4B11 /* CodexGPTAccountTests.swift */; };
		A6E1000000000000000002A1 /* AgntWidgetBundle.swift in Sources */ = {isa = PBXBuildFile; fileRef = A6E1000000000000000001A1 /* AgntWidgetBundle.swift */; };
		A6E1000000000000000002A2 /* AgntLockScreenWidget.swift in Sources */ = {isa = PBXBuildFile; fileRef = A6E1000000000000000001A2 /* AgntLockScreenWidget.swift */; };
		A6E1000000000000000002A3 /* AgntControlCenterWidget.swift in Sources */ = {isa = PBXBuildFile; fileRef = A6E1000000000000000001A3 /* AgntControlCenterWidget.swift */; };
		A6E1000000000000000002A4 /* AgntLaunchIntent.swift in Sources */ = {isa = PBXBuildFile; fileRef = A6E1000000000000000001A4 /* AgntLaunchIntent.swift */; };
		A6E1000000000000000002A5 /* AgntLiveActivity.swift in Sources */ = {isa = PBXBuildFile; fileRef = A6E1000000000000000001A5 /* AgntLiveActivity.swift */; };
		A6E1000000000000000002A6 /* AgntActivityAttributes.swift in Sources */ = {isa = PBXBuildFile; fileRef = A6E1000000000000000001A6 /* AgntActivityAttributes.swift */; };
		A6E1000000000000000002A7 /* Assets.xcassets in Resources */ = {isa = PBXBuildFile; fileRef = A6E1000000000000000001A7 /* Assets.xcassets */; };
		A6E1000000000000000002B4 /* AgntLaunchIntent.swift in Sources */ = {isa = PBXBuildFile; fileRef = A6E1000000000000000001A4 /* AgntLaunchIntent.swift */; };
		A6E1000000000000000002B6 /* AgntActivityAttributes.swift in Sources */ = {isa = PBXBuildFile; fileRef = A6E1000000000000000001A6 /* AgntActivityAttributes.swift */; };
		A6E1000000000000000002C0 /* AgntWidget.appex in Embed Foundation Extensions */ = {isa = PBXBuildFile; fileRef = A6E1000000000000000001B0 /* AgntWidget.appex */; };
		DEC0DE000000000000000200 /* Runestone in Frameworks */ = {isa = PBXBuildFile; productRef = DEC0DE000000000000000100 /* Runestone */; };
		DEC0DE000000000000000201 /* TreeSitterBashRunestone in Frameworks */ = {isa = PBXBuildFile; productRef = DEC0DE000000000000000101 /* TreeSitterBashRunestone */; };
		DEC0DE000000000000000202 /* TreeSitterCRunestone in Frameworks */ = {isa = PBXBuildFile; productRef = DEC0DE000000000000000102 /* TreeSitterCRunestone */; };
		DEC0DE000000000000000203 /* TreeSitterCPPRunestone in Frameworks */ = {isa = PBXBuildFile; productRef = DEC0DE000000000000000103 /* TreeSitterCPPRunestone */; };
		DEC0DE000000000000000204 /* TreeSitterCSSRunestone in Frameworks */ = {isa = PBXBuildFile; productRef = DEC0DE000000000000000104 /* TreeSitterCSSRunestone */; };
		DEC0DE000000000000000205 /* TreeSitterCSharpRunestone in Frameworks */ = {isa = PBXBuildFile; productRef = DEC0DE000000000000000105 /* TreeSitterCSharpRunestone */; };
		DEC0DE000000000000000206 /* TreeSitterGoRunestone in Frameworks */ = {isa = PBXBuildFile; productRef = DEC0DE000000000000000106 /* TreeSitterGoRunestone */; };
		DEC0DE000000000000000207 /* TreeSitterHTMLRunestone in Frameworks */ = {isa = PBXBuildFile; productRef = DEC0DE000000000000000107 /* TreeSitterHTMLRunestone */; };
		DEC0DE000000000000000208 /* TreeSitterJavaRunestone in Frameworks */ = {isa = PBXBuildFile; productRef = DEC0DE000000000000000108 /* TreeSitterJavaRunestone */; };
		DEC0DE000000000000000209 /* TreeSitterJavaScriptRunestone in Frameworks */ = {isa = PBXBuildFile; productRef = DEC0DE000000000000000109 /* TreeSitterJavaScriptRunestone */; };
		DEC0DE00000000000000020A /* TreeSitterJSONRunestone in Frameworks */ = {isa = PBXBuildFile; productRef = DEC0DE00000000000000010A /* TreeSitterJSONRunestone */; };
		DEC0DE00000000000000020B /* TreeSitterMarkdownRunestone in Frameworks */ = {isa = PBXBuildFile; productRef = DEC0DE00000000000000010B /* TreeSitterMarkdownRunestone */; };
		DEC0DE00000000000000020C /* TreeSitterPythonRunestone in Frameworks */ = {isa = PBXBuildFile; productRef = DEC0DE00000000000000010C /* TreeSitterPythonRunestone */; };
		DEC0DE00000000000000020D /* TreeSitterRubyRunestone in Frameworks */ = {isa = PBXBuildFile; productRef = DEC0DE00000000000000010D /* TreeSitterRubyRunestone */; };
		DEC0DE00000000000000020E /* TreeSitterRustRunestone in Frameworks */ = {isa = PBXBuildFile; productRef = DEC0DE00000000000000010E /* TreeSitterRustRunestone */; };
		DEC0DE00000000000000020F /* TreeSitterSQLRunestone in Frameworks */ = {isa = PBXBuildFile; productRef = DEC0DE00000000000000010F /* TreeSitterSQLRunestone */; };
		DEC0DE000000000000000210 /* TreeSitterSwiftRunestone in Frameworks */ = {isa = PBXBuildFile; productRef = DEC0DE000000000000000110 /* TreeSitterSwiftRunestone */; };
		DEC0DE000000000000000211 /* TreeSitterTOMLRunestone in Frameworks */ = {isa = PBXBuildFile; productRef = DEC0DE000000000000000111 /* TreeSitterTOMLRunestone */; };
		DEC0DE000000000000000212 /* TreeSitterTSXRunestone in Frameworks */ = {isa = PBXBuildFile; productRef = DEC0DE000000000000000112 /* TreeSitterTSXRunestone */; };
		DEC0DE000000000000000213 /* TreeSitterTypeScriptRunestone in Frameworks */ = {isa = PBXBuildFile; productRef = DEC0DE000000000000000113 /* TreeSitterTypeScriptRunestone */; };
		DEC0DE000000000000000214 /* TreeSitterYAMLRunestone in Frameworks */ = {isa = PBXBuildFile; productRef = DEC0DE000000000000000114 /* TreeSitterYAMLRunestone */; };
/* End PBXBuildFile section */

/* Begin PBXContainerItemProxy section */
		5D03133674F4AAC9F7795B99 /* PBXContainerItemProxy */ = {
			isa = PBXContainerItemProxy;
			containerPortal = C09A76A62F4B8D7B003B3F3A /* Project object */;
			proxyType = 1;
			remoteGlobalIDString = C09A76AD2F4B8D7B003B3F3A;
			remoteInfo = AgntMobile;
		};
		E2BB2694093FF25EF91584CB /* PBXContainerItemProxy */ = {
			isa = PBXContainerItemProxy;
			containerPortal = C09A76A62F4B8D7B003B3F3A /* Project object */;
			proxyType = 1;
			remoteGlobalIDString = C09A76AD2F4B8D7B003B3F3A;
			remoteInfo = AgntMobile;
		};
		A6E1000000000000000007A0 /* PBXContainerItemProxy */ = {
			isa = PBXContainerItemProxy;
			containerPortal = C09A76A62F4B8D7B003B3F3A /* Project object */;
			proxyType = 1;
			remoteGlobalIDString = A6E1000000000000000005A0;
			remoteInfo = AgntWidget;
		};
/* End PBXContainerItemProxy section */

/* Begin PBXCopyFilesBuildPhase section */
		A6E1000000000000000004A3 /* Embed Foundation Extensions */ = {
			isa = PBXCopyFilesBuildPhase;
			buildActionMask = 2147483647;
			dstPath = "";
			dstSubfolderSpec = 13;
			files = (
				A6E1000000000000000002C0 /* AgntWidget.appex in Embed Foundation Extensions */,
			);
			name = "Embed Foundation Extensions";
			runOnlyForDeploymentPostprocessing = 0;
		};
/* End PBXCopyFilesBuildPhase section */

/* Begin PBXFileReference section */
		02C96CD0916A43F38184398D /* AssistantTurnEndActionVisibilityTests.swift */ = {isa = PBXFileReference; includeInIndex = 1; lastKnownFileType = sourcecode.swift; path = AssistantTurnEndActionVisibilityTests.swift; sourceTree = "<group>"; };
		11A2B3C4D5E6F708192A3B4D /* TurnFileAutocompleteTokenTests.swift */ = {isa = PBXFileReference; includeInIndex = 1; lastKnownFileType = sourcecode.swift; path = TurnFileAutocompleteTokenTests.swift; sourceTree = "<group>"; };
		22B3C4D5E6F708192A3B4C5E /* CodexFuzzyFileSearchDecodeTests.swift */ = {isa = PBXFileReference; includeInIndex = 1; lastKnownFileType = sourcecode.swift; path = CodexFuzzyFileSearchDecodeTests.swift; sourceTree = "<group>"; };
		2A6D4B8C1E3F507192A4B6C9 /* CodexStatusTests.swift */ = {isa = PBXFileReference; includeInIndex = 1; lastKnownFileType = sourcecode.swift; path = CodexStatusTests.swift; sourceTree = "<group>"; };
		357D589B8C179934A884F8CC /* BridgeControlService.swift */ = {isa = PBXFileReference; includeInIndex = 1; lastKnownFileType = sourcecode.swift; path = BridgeControlService.swift; sourceTree = "<group>"; };
		3A1FC345ADD350213550F36C /* BridgeMenuBarStore.swift */ = {isa = PBXFileReference; includeInIndex = 1; lastKnownFileType = sourcecode.swift; path = BridgeMenuBarStore.swift; sourceTree = "<group>"; };
		3B1A9C7D5E4F60718293A4B5 /* BuildSupport/Base.xcconfig */ = {isa = PBXFileReference; lastKnownFileType = text.xcconfig; path = BuildSupport/Base.xcconfig; sourceTree = SOURCE_ROOT; };
		4EEB36EBEA2A475AC9B30B1F /* TurnTimelineReducerTests.swift */ = {isa = PBXFileReference; includeInIndex = 1; lastKnownFileType = sourcecode.swift; path = TurnTimelineReducerTests.swift; sourceTree = "<group>"; };
		4EEB36EBEA2A475AC9B30B20 /* TurnTimelineReducerDeduplicationTests.swift */ = {isa = PBXFileReference; includeInIndex = 1; lastKnownFileType = sourcecode.swift; path = TurnTimelineReducerDeduplicationTests.swift; sourceTree = "<group>"; };
		4EEB36EBEA2A475AC9B30B62 /* TurnTimelineReducerFileChangeDeduplicationTests.swift */ = {isa = PBXFileReference; includeInIndex = 1; lastKnownFileType = sourcecode.swift; path = TurnTimelineReducerFileChangeDeduplicationTests.swift; sourceTree = "<group>"; };
		4EEB36EBEA2A475AC9B30B63 /* TurnTimelineReducerFileChangeSnapshotDeduplicationTests.swift */ = {isa = PBXFileReference; includeInIndex = 1; lastKnownFileType = sourcecode.swift; path = TurnTimelineReducerFileChangeSnapshotDeduplicationTests.swift; sourceTree = "<group>"; };
		4EEB36EBEA2A475AC9B30B21 /* TurnTimelineReducerOrderingTests.swift */ = {isa = PBXFileReference; includeInIndex = 1; lastKnownFileType = sourcecode.swift; path = TurnTimelineReducerOrderingTests.swift; sourceTree = "<group>"; };
		4EEB36EBEA2A475AC9B30B22 /* TurnTimelineRenderProjectionTests.swift */ = {isa = PBXFileReference; includeInIndex = 1; lastKnownFileType = sourcecode.swift; path = TurnTimelineRenderProjectionTests.swift; sourceTree = "<group>"; };
		4EEB36EBEA2A475AC9B30B60 /* TurnTimelineCompletedTurnProjectionTests.swift */ = {isa = PBXFileReference; includeInIndex = 1; lastKnownFileType = sourcecode.swift; path = TurnTimelineCompletedTurnProjectionTests.swift; sourceTree = "<group>"; };
		4EEB36EBEA2A475AC9B30B61 /* TurnTimelineFileChangeProjectionTests.swift */ = {isa = PBXFileReference; includeInIndex = 1; lastKnownFileType = sourcecode.swift; path = TurnTimelineFileChangeProjectionTests.swift; sourceTree = "<group>"; };
		4EEB36EBEA2A475AC9B30B23 /* TurnScrollStateTrackerTests.swift */ = {isa = PBXFileReference; includeInIndex = 1; lastKnownFileType = sourcecode.swift; path = TurnScrollStateTrackerTests.swift; sourceTree = "<group>"; };
		4EEB36EBEA2A475AC9B30B24 /* TurnTimelineTestFixtures.swift */ = {isa = PBXFileReference; includeInIndex = 1; lastKnownFileType = sourcecode.swift; path = TurnTimelineTestFixtures.swift; sourceTree = "<group>"; };
		4EEB36EBEA2A475AC9B30B25 /* TurnTimelineMarkdownRenderingTests.swift */ = {isa = PBXFileReference; includeInIndex = 1; lastKnownFileType = sourcecode.swift; path = TurnTimelineMarkdownRenderingTests.swift; sourceTree = "<group>"; };
		4EEB36EBEA2A475AC9B30B26 /* TurnTimelineAssistantBlockInfoTests.swift */ = {isa = PBXFileReference; includeInIndex = 1; lastKnownFileType = sourcecode.swift; path = TurnTimelineAssistantBlockInfoTests.swift; sourceTree = "<group>"; };
		FA571E0001000000000000F1 /* WorkspaceFileLinkResolverTests.swift */ = {isa = PBXFileReference; includeInIndex = 1; lastKnownFileType = sourcecode.swift; path = WorkspaceFileLinkResolverTests.swift; sourceTree = "<group>"; };
		FA571E0002000000000000F3 /* WorkspaceSVGPreviewSecurityTests.swift */ = {isa = PBXFileReference; includeInIndex = 1; lastKnownFileType = sourcecode.swift; path = WorkspaceSVGPreviewSecurityTests.swift; sourceTree = "<group>"; };
		FA571E0003000000000000F5 /* TerminalPasteTests.swift */ = {isa = PBXFileReference; includeInIndex = 1; lastKnownFileType = sourcecode.swift; path = TerminalPasteTests.swift; sourceTree = "<group>"; };
		FA571E0004000000000000F7 /* StreamingMarkdownBlockSplitterTests.swift */ = {isa = PBXFileReference; includeInIndex = 1; lastKnownFileType = sourcecode.swift; path = StreamingMarkdownBlockSplitterTests.swift; sourceTree = "<group>"; };
		FA571E0005000000000000F9 /* StreamingUIInteractionMonitorTests.swift */ = {isa = PBXFileReference; includeInIndex = 1; lastKnownFileType = sourcecode.swift; path = StreamingUIInteractionMonitorTests.swift; sourceTree = "<group>"; };
		53C1E3E027CF4B98453962A0 /* BridgeMenuBarViews.swift */ = {isa = PBXFileReference; includeInIndex = 1; lastKnownFileType = sourcecode.swift; path = BridgeMenuBarViews.swift; sourceTree = "<group>"; };
		6880B31C08D19C3D55FC62F0 /* AgntMenuBar-Info.plist */ = {isa = PBXFileReference; includeInIndex = 1; lastKnownFileType = text.plist.xml; path = "AgntMenuBar-Info.plist"; sourceTree = "<group>"; };
		6F8E129A7BC34A12D45E6F71 /* CodexThreadStartProjectBindingTests.swift */ = {isa = PBXFileReference; includeInIndex = 1; lastKnownFileType = sourcecode.swift; path = CodexThreadStartProjectBindingTests.swift; sourceTree = "<group>"; };
		74BE370810CFD7A76DC2A25F /* TurnComposerSendAvailabilityTests.swift */ = {isa = PBXFileReference; includeInIndex = 1; lastKnownFileType = sourcecode.swift; path = TurnComposerSendAvailabilityTests.swift; sourceTree = "<group>"; };
		7A1B2C3D4E5F60718293A4B6 /* CodexThreadRuntimeOverrideTests.swift */ = {isa = PBXFileReference; includeInIndex = 1; lastKnownFileType = sourcecode.swift; path = CodexThreadRuntimeOverrideTests.swift; sourceTree = "<group>"; };
		8B4A2F5E7D1C4B9AA1234568 /* TurnComposerAttachmentIntakePlanTests.swift */ = {isa = PBXFileReference; includeInIndex = 1; lastKnownFileType = sourcecode.swift; path = TurnComposerAttachmentIntakePlanTests.swift; sourceTree = "<group>"; };
		8CE11223A4B5C6D7E8F90124 /* SidebarRunBadgePerformanceTests.swift */ = {isa = PBXFileReference; includeInIndex = 1; lastKnownFileType = sourcecode.swift; path = SidebarRunBadgePerformanceTests.swift; sourceTree = "<group>"; };
		8D1F2A3B4C5D6E7F8091A2B4 /* CodexServiceConnectionErrorTests.swift */ = {isa = PBXFileReference; includeInIndex = 1; lastKnownFileType = sourcecode.swift; path = CodexServiceConnectionErrorTests.swift; sourceTree = "<group>"; };
		8F1A2B3C4D5E6F708192A3B5 /* CodexPushNotificationRegistrationTests.swift */ = {isa = PBXFileReference; includeInIndex = 1; lastKnownFileType = sourcecode.swift; path = CodexPushNotificationRegistrationTests.swift; sourceTree = "<group>"; };
		92DE4487B55C077AF7694484 /* AgntMenuBar.app */ = {isa = PBXFileReference; explicitFileType = wrapper.application; includeInIndex = 0; path = AgntMenuBar.app; sourceTree = BUILT_PRODUCTS_DIR; };
		9A37794F4B32C1952A3770E0 /* Foundation.framework */ = {isa = PBXFileReference; lastKnownFileType = wrapper.framework; name = Foundation.framework; path = Platforms/iPhoneOS.platform/Developer/SDKs/iPhoneOS18.0.sdk/System/Library/Frameworks/Foundation.framework; sourceTree = DEVELOPER_DIR; };
		9D7C9A8B7E6D5C4B3A291818 /* TurnViewModelQueueTests.swift */ = {isa = PBXFileReference; includeInIndex = 1; lastKnownFileType = sourcecode.swift; path = TurnViewModelQueueTests.swift; sourceTree = "<group>"; };
		9D7C9A8B7E6D5C4B3A29181A /* TurnViewModelQueueTestSupport.swift */ = {isa = PBXFileReference; includeInIndex = 1; lastKnownFileType = sourcecode.swift; path = TurnViewModelQueueTestSupport.swift; sourceTree = "<group>"; };
		9D7C9A8B7E6D5C4B3A29181C /* TurnViewModelQueueSteeringTests.swift */ = {isa = PBXFileReference; includeInIndex = 1; lastKnownFileType = sourcecode.swift; path = TurnViewModelQueueSteeringTests.swift; sourceTree = "<group>"; };
		9D7C9A8B7E6D5C4B3A29181E /* TurnViewModelQueueTurnStateTests.swift */ = {isa = PBXFileReference; includeInIndex = 1; lastKnownFileType = sourcecode.swift; path = TurnViewModelQueueTurnStateTests.swift; sourceTree = "<group>"; };
		A1D2E3F4B5C6D7E8F9001121 /* MyDevicesPresentationTests.swift */ = {isa = PBXFileReference; includeInIndex = 1; lastKnownFileType = sourcecode.swift; path = MyDevicesPresentationTests.swift; sourceTree = "<group>"; };
		A2B3C4D5E6F708192A3B4C7 /* CodexServiceThreadListTests.swift */ = {isa = PBXFileReference; includeInIndex = 1; lastKnownFileType = sourcecode.swift; path = CodexServiceThreadListTests.swift; sourceTree = "<group>"; };
		A4B0C1D2E3F4051627384A01 /* GhosttyKit.xcframework */ = {isa = PBXFileReference; lastKnownFileType = wrapper.xcframework; name = GhosttyKit.xcframework; path = AgntMobile/Terminal/Vendor/GhosttyKit.xcframework; sourceTree = SOURCE_ROOT; };
		A4B0C1D2E3F4051627384A03 /* IOSurface.framework */ = {isa = PBXFileReference; lastKnownFileType = wrapper.framework; name = IOSurface.framework; path = System/Library/Frameworks/IOSurface.framework; sourceTree = SDKROOT; };
		A4B0C1D2E3F4051627384A05 /* Metal.framework */ = {isa = PBXFileReference; lastKnownFileType = wrapper.framework; name = Metal.framework; path = System/Library/Frameworks/Metal.framework; sourceTree = SDKROOT; };
		A4B0C1D2E3F4051627384A07 /* MetalKit.framework */ = {isa = PBXFileReference; lastKnownFileType = wrapper.framework; name = MetalKit.framework; path = System/Library/Frameworks/MetalKit.framework; sourceTree = SDKROOT; };
		A4B0C1D2E3F4051627384A09 /* QuartzCore.framework */ = {isa = PBXFileReference; lastKnownFileType = wrapper.framework; name = QuartzCore.framework; path = System/Library/Frameworks/QuartzCore.framework; sourceTree = SDKROOT; };
		A4B0C1D2E3F4051627384A0B /* libc++.tbd */ = {isa = PBXFileReference; lastKnownFileType = "sourcecode.text-based-dylib-definition"; name = "libc++.tbd"; path = "usr/lib/libc++.tbd"; sourceTree = SDKROOT; };
		A4B0C1D2E3F4051627384A0D /* libz.tbd */ = {isa = PBXFileReference; lastKnownFileType = "sourcecode.text-based-dylib-definition"; name = libz.tbd; path = usr/lib/libz.tbd; sourceTree = SDKROOT; };
		A4B0C1D2E3F4051627384A0F /* UIKit.framework */ = {isa = PBXFileReference; lastKnownFileType = wrapper.framework; name = UIKit.framework; path = System/Library/Frameworks/UIKit.framework; sourceTree = SDKROOT; };
		A932BE773A84EFEA525DF684 /* Assets.xcassets */ = {isa = PBXFileReference; includeInIndex = 1; lastKnownFileType = folder.assetcatalog; name = Assets.xcassets; path = AgntMobile/Assets.xcassets; sourceTree = "<group>"; };
		A9F1B2C3D4E5F60718293A41 /* TurnSkillAutocompleteTokenTests.swift */ = {isa = PBXFileReference; includeInIndex = 1; lastKnownFileType = sourcecode.swift; path = TurnSkillAutocompleteTokenTests.swift; sourceTree = "<group>"; };
		A9F1B2C3D4E5F60718293A43 /* CodexSkillsListDecodeTests.swift */ = {isa = PBXFileReference; includeInIndex = 1; lastKnownFileType = sourcecode.swift; path = CodexSkillsListDecodeTests.swift; sourceTree = "<group>"; };
		A9F1B2C3D4E5F60718293A45 /* CodexTurnInputPayloadSkillTests.swift */ = {isa = PBXFileReference; includeInIndex = 1; lastKnownFileType = sourcecode.swift; path = CodexTurnInputPayloadSkillTests.swift; sourceTree = "<group>"; };
		A9F1B2C3D4E5F60718293A47 /* CodexStructuredUserInputDecodeTests.swift */ = {isa = PBXFileReference; includeInIndex = 1; lastKnownFileType = sourcecode.swift; path = CodexStructuredUserInputDecodeTests.swift; sourceTree = "<group>"; };
		AB1C2D3E4F5061728394A5B6 /* TurnComposerReviewModeTests.swift */ = {isa = PBXFileReference; includeInIndex = 1; lastKnownFileType = sourcecode.swift; path = TurnComposerReviewModeTests.swift; sourceTree = "<group>"; };
		B0C1D2E3F40516273849A5B6 /* TurnSlashCommandTokenTests.swift */ = {isa = PBXFileReference; includeInIndex = 1; lastKnownFileType = sourcecode.swift; path = TurnSlashCommandTokenTests.swift; sourceTree = "<group>"; };
		B0C1D2E3F40516273849A5C2 /* CodexServiceIncomingContextCompactionTests.swift */ = {isa = PBXFileReference; includeInIndex = 1; lastKnownFileType = sourcecode.swift; path = CodexServiceIncomingContextCompactionTests.swift; sourceTree = "<group>"; };
		B2C3D4E5F60718293A4B5C83 /* CodexPlanStructuredInputTests.swift */ = {isa = PBXFileReference; includeInIndex = 1; lastKnownFileType = sourcecode.swift; path = Incoming/CodexPlanStructuredInputTests.swift; sourceTree = "<group>"; };
		B2C3D4E5F60718293A4B5C81 /* CodexPlanMessageTests.swift */ = {isa = PBXFileReference; includeInIndex = 1; lastKnownFileType = sourcecode.swift; path = Incoming/CodexPlanMessageTests.swift; sourceTree = "<group>"; };
		B3C4D5E6F708192A3B4C5D6F /* CodexPlanModeTests.swift */ = {isa = PBXFileReference; includeInIndex = 1; lastKnownFileType = sourcecode.swift; path = CodexPlanModeTests.swift; sourceTree = "<group>"; };
		B3C4D5E6F708192A3B4C5D71 /* CodexPlanModeTestSupport.swift */ = {isa = PBXFileReference; includeInIndex = 1; lastKnownFileType = sourcecode.swift; path = Incoming/CodexPlanModeTestSupport.swift; sourceTree = "<group>"; };
		B3C4D5E6F708192A3B4C5D73 /* CodexPlanModeResetTests.swift */ = {isa = PBXFileReference; includeInIndex = 1; lastKnownFileType = sourcecode.swift; path = Incoming/CodexPlanModeResetTests.swift; sourceTree = "<group>"; };
		B3C4D5E6F708192A3B4C5D75 /* CodexPlanModeTimelineTests.swift */ = {isa = PBXFileReference; includeInIndex = 1; lastKnownFileType = sourcecode.swift; path = Incoming/CodexPlanModeTimelineTests.swift; sourceTree = "<group>"; };
		B3C4D5E6F708192A3B4C5D77 /* CodexPlanModeQuestionnaireTests.swift */ = {isa = PBXFileReference; includeInIndex = 1; lastKnownFileType = sourcecode.swift; path = Incoming/CodexPlanModeQuestionnaireTests.swift; sourceTree = "<group>"; };
		B4C5D6E7F8091A2B3C4D5E71 /* CodexServiceIncomingReplayMirrorTests.swift */ = {isa = PBXFileReference; includeInIndex = 1; lastKnownFileType = sourcecode.swift; path = CodexServiceIncomingReplayMirrorTests.swift; sourceTree = "<group>"; };
		B4C5D6E7F8091A2B3C4D5E73 /* CodexServiceIncomingStreamingTests.swift */ = {isa = PBXFileReference; includeInIndex = 1; lastKnownFileType = sourcecode.swift; path = Incoming/CodexServiceIncomingStreamingTests.swift; sourceTree = "<group>"; };
		B4C5D6E7F8091A2B3C4D5E75 /* CodexServiceIncomingLegacyStreamingTests.swift */ = {isa = PBXFileReference; includeInIndex = 1; lastKnownFileType = sourcecode.swift; path = Incoming/CodexServiceIncomingLegacyStreamingTests.swift; sourceTree = "<group>"; };
		B4C5D6E7F8091A2B3C4D5E77 /* CodexServiceIncomingHistoryStreamingTests.swift */ = {isa = PBXFileReference; includeInIndex = 1; lastKnownFileType = sourcecode.swift; path = Incoming/CodexServiceIncomingHistoryStreamingTests.swift; sourceTree = "<group>"; };
		B4C5D6E7F8091A2B3C4D5E79 /* CodexServiceIncomingStreamingTestSupport.swift */ = {isa = PBXFileReference; includeInIndex = 1; lastKnownFileType = sourcecode.swift; path = Incoming/CodexServiceIncomingStreamingTestSupport.swift; sourceTree = "<group>"; };
		B7A1C2D3E4F5061728394052 /* SidebarThreadGroupingTests.swift */ = {isa = PBXFileReference; includeInIndex = 1; lastKnownFileType = sourcecode.swift; path = SidebarThreadGroupingTests.swift; sourceTree = "<group>"; };
		C04E214C2F71D4DB00AA3193 /* StoreKit.framework */ = {isa = PBXFileReference; lastKnownFileType = wrapper.framework; name = StoreKit.framework; path = System/Library/Frameworks/StoreKit.framework; sourceTree = SDKROOT; };
		C09A76AE2F4B8D7B003B3F3A /* AgntMobile.app */ = {isa = PBXFileReference; explicitFileType = wrapper.application; includeInIndex = 0; path = AgntMobile.app; sourceTree = BUILT_PRODUCTS_DIR; };
		C0B9CCCCC45E47616AB452FA /* AgntMenuBarApp.swift */ = {isa = PBXFileReference; includeInIndex = 1; lastKnownFileType = sourcecode.swift; path = AgntMenuBarApp.swift; sourceTree = "<group>"; };
		C1D2E3F40516273849A5B6C7 /* CodexServiceIncomingCommandExecutionTests.swift */ = {isa = PBXFileReference; includeInIndex = 1; lastKnownFileType = sourcecode.swift; path = CodexServiceIncomingCommandExecutionTests.swift; sourceTree = "<group>"; };
		C1D2E3F40516273849A5B6E9 /* CodexServiceIncomingCommandExecutionTestSupport.swift */ = {isa = PBXFileReference; includeInIndex = 1; lastKnownFileType = sourcecode.swift; path = Incoming/CodexServiceIncomingCommandExecutionTestSupport.swift; sourceTree = "<group>"; };
		C1D2E3F40516273849A5B701 /* CodexServiceIncomingToolActivityTests.swift */ = {isa = PBXFileReference; includeInIndex = 1; lastKnownFileType = sourcecode.swift; path = Incoming/CodexServiceIncomingToolActivityTests.swift; sourceTree = "<group>"; };
		C1D2E3F40516273849A5B723 /* CodexServiceIncomingHistoryReconcileTests.swift */ = {isa = PBXFileReference; includeInIndex = 1; lastKnownFileType = sourcecode.swift; path = Incoming/CodexServiceIncomingHistoryReconcileTests.swift; sourceTree = "<group>"; };
		C1D2E3F40516273849A5B8D /* CodexServiceIncomingHistoryMergeTests.swift */ = {isa = PBXFileReference; includeInIndex = 1; lastKnownFileType = sourcecode.swift; path = Incoming/CodexServiceIncomingHistoryMergeTests.swift; sourceTree = "<group>"; };
		C1D2E3F40516273849A5B8B /* CodexServiceIncomingFileChangeTests.swift */ = {isa = PBXFileReference; includeInIndex = 1; lastKnownFileType = sourcecode.swift; path = Incoming/CodexServiceIncomingFileChangeTests.swift; sourceTree = "<group>"; };
		C1D2E3F40516273849A5B6D8 /* CodexServiceIncomingImageGenerationTests.swift */ = {isa = PBXFileReference; includeInIndex = 1; lastKnownFileType = sourcecode.swift; path = CodexServiceIncomingImageGenerationTests.swift; sourceTree = "<group>"; };
		B5C6D7E8F9012A3B4C5D6E72 /* CodexServiceIncomingRunStateTests.swift */ = {isa = PBXFileReference; includeInIndex = 1; lastKnownFileType = sourcecode.swift; path = CodexServiceIncomingRunStateTests.swift; sourceTree = "<group>"; };
		C9CD1EA13B728103A5654EEA /* BridgeControlModels.swift */ = {isa = PBXFileReference; includeInIndex = 1; lastKnownFileType = sourcecode.swift; path = BridgeControlModels.swift; sourceTree = "<group>"; };
		D4F56781234567890ABCDE02 /* CodexServiceIncomingRunIndicatorTests.swift */ = {isa = PBXFileReference; includeInIndex = 1; lastKnownFileType = sourcecode.swift; path = CodexServiceIncomingRunIndicatorTests.swift; sourceTree = "<group>"; };
		D523A0A98D6540D0E2EE6131 /* AgntMobileUITests.swift */ = {isa = PBXFileReference; includeInIndex = 1; lastKnownFileType = sourcecode.swift; path = AgntMobileUITests.swift; sourceTree = "<group>"; };
		E1A2B3C4D5E6F708192A3B4D /* QRScannerPairingValidatorTests.swift */ = {isa = PBXFileReference; includeInIndex = 1; lastKnownFileType = sourcecode.swift; path = QRScannerPairingValidatorTests.swift; sourceTree = "<group>"; };
		E5E1FA12CF5120C8C8A64111 /* Cocoa.framework */ = {isa = PBXFileReference; lastKnownFileType = wrapper.framework; name = Cocoa.framework; path = Platforms/MacOSX.platform/Developer/SDKs/MacOSX15.0.sdk/System/Library/Frameworks/Cocoa.framework; sourceTree = DEVELOPER_DIR; };
		F0EE6A924EE6B288E7D0DFE1 /* AgntMobileUITests.xctest */ = {isa = PBXFileReference; explicitFileType = wrapper.cfbundle; includeInIndex = 0; path = AgntMobileUITests.xctest; sourceTree = BUILT_PRODUCTS_DIR; };
		F1B2C3D4E5F60718293A4B11 /* CodexGPTAccountTests.swift */ = {isa = PBXFileReference; includeInIndex = 1; lastKnownFileType = sourcecode.swift; path = CodexGPTAccountTests.swift; sourceTree = "<group>"; };
		FBC8EB1341C49A392A43BFB3 /* AgntMobileTests.xctest */ = {isa = PBXFileReference; explicitFileType = wrapper.cfbundle; includeInIndex = 0; path = AgntMobileTests.xctest; sourceTree = BUILT_PRODUCTS_DIR; };
		A6E1000000000000000001A1 /* AgntWidgetBundle.swift */ = {isa = PBXFileReference; lastKnownFileType = sourcecode.swift; path = AgntWidgetBundle.swift; sourceTree = "<group>"; };
		A6E1000000000000000001A2 /* AgntLockScreenWidget.swift */ = {isa = PBXFileReference; lastKnownFileType = sourcecode.swift; path = AgntLockScreenWidget.swift; sourceTree = "<group>"; };
		A6E1000000000000000001A3 /* AgntControlCenterWidget.swift */ = {isa = PBXFileReference; lastKnownFileType = sourcecode.swift; path = AgntControlCenterWidget.swift; sourceTree = "<group>"; };
		A6E1000000000000000001A4 /* AgntLaunchIntent.swift */ = {isa = PBXFileReference; lastKnownFileType = sourcecode.swift; path = AgntLaunchIntent.swift; sourceTree = "<group>"; };
		A6E1000000000000000001A5 /* AgntLiveActivity.swift */ = {isa = PBXFileReference; lastKnownFileType = sourcecode.swift; path = AgntLiveActivity.swift; sourceTree = "<group>"; };
		A6E1000000000000000001A6 /* AgntActivityAttributes.swift */ = {isa = PBXFileReference; lastKnownFileType = sourcecode.swift; path = AgntActivityAttributes.swift; sourceTree = "<group>"; };
		A6E1000000000000000001A7 /* Assets.xcassets */ = {isa = PBXFileReference; lastKnownFileType = folder.assetcatalog; path = Assets.xcassets; sourceTree = "<group>"; };
		A6E1000000000000000001A8 /* Info.plist */ = {isa = PBXFileReference; lastKnownFileType = text.plist.xml; path = Info.plist; sourceTree = "<group>"; };
		A6E1000000000000000001A9 /* AgntWidget.entitlements */ = {isa = PBXFileReference; lastKnownFileType = text.plist.entitlements; path = AgntWidget.entitlements; sourceTree = "<group>"; };
		A6E1000000000000000001B0 /* AgntWidget.appex */ = {isa = PBXFileReference; explicitFileType = "wrapper.app-extension"; includeInIndex = 0; path = AgntWidget.appex; sourceTree = BUILT_PRODUCTS_DIR; };
/* End PBXFileReference section */

/* Begin PBXFileSystemSynchronizedRootGroup section */
		C09A76B02F4B8D7B003B3F3A /* AgntMobile */ = {
			isa = PBXFileSystemSynchronizedRootGroup;
			path = AgntMobile;
			sourceTree = "<group>";
		};
/* End PBXFileSystemSynchronizedRootGroup section */

/* Begin PBXFrameworksBuildPhase section */
		C09A76AB2F4B8D7B003B3F3A /* Frameworks */ = {
			isa = PBXFrameworksBuildPhase;
			buildActionMask = 2147483647;
			files = (
				A4B0C1D2E3F4051627384A02 /* GhosttyKit.xcframework in Frameworks */,
				A4B0C1D2E3F4051627384A04 /* IOSurface.framework in Frameworks */,
				A4B0C1D2E3F4051627384A06 /* Metal.framework in Frameworks */,
				A4B0C1D2E3F4051627384A08 /* MetalKit.framework in Frameworks */,
				A4B0C1D2E3F4051627384A0A /* QuartzCore.framework in Frameworks */,
				A4B0C1D2E3F4051627384A10 /* UIKit.framework in Frameworks */,
				A4B0C1D2E3F4051627384A0C /* libc++.tbd in Frameworks */,
				A4B0C1D2E3F4051627384A0E /* libz.tbd in Frameworks */,
				C04E214D2F71D4DB00AA3193 /* StoreKit.framework in Frameworks */,
				C078C1A22F79000100BEEF01 /* Citadel in Frameworks */,
				C0DED3362F5E39DC0021A8E8 /* Textual in Frameworks */,
				DEC0DE000000000000000200 /* Runestone in Frameworks */,
				DEC0DE000000000000000201 /* TreeSitterBashRunestone in Frameworks */,
				DEC0DE000000000000000202 /* TreeSitterCRunestone in Frameworks */,
				DEC0DE000000000000000203 /* TreeSitterCPPRunestone in Frameworks */,
				DEC0DE000000000000000204 /* TreeSitterCSSRunestone in Frameworks */,
				DEC0DE000000000000000205 /* TreeSitterCSharpRunestone in Frameworks */,
				DEC0DE000000000000000206 /* TreeSitterGoRunestone in Frameworks */,
				DEC0DE000000000000000207 /* TreeSitterHTMLRunestone in Frameworks */,
				DEC0DE000000000000000208 /* TreeSitterJavaRunestone in Frameworks */,
				DEC0DE000000000000000209 /* TreeSitterJavaScriptRunestone in Frameworks */,
				DEC0DE00000000000000020A /* TreeSitterJSONRunestone in Frameworks */,
				DEC0DE00000000000000020B /* TreeSitterMarkdownRunestone in Frameworks */,
				DEC0DE00000000000000020C /* TreeSitterPythonRunestone in Frameworks */,
				DEC0DE00000000000000020D /* TreeSitterRubyRunestone in Frameworks */,
				DEC0DE00000000000000020E /* TreeSitterRustRunestone in Frameworks */,
				DEC0DE00000000000000020F /* TreeSitterSQLRunestone in Frameworks */,
				DEC0DE000000000000000210 /* TreeSitterSwiftRunestone in Frameworks */,
				DEC0DE000000000000000211 /* TreeSitterTOMLRunestone in Frameworks */,
				DEC0DE000000000000000212 /* TreeSitterTSXRunestone in Frameworks */,
				DEC0DE000000000000000213 /* TreeSitterTypeScriptRunestone in Frameworks */,
				DEC0DE000000000000000214 /* TreeSitterYAMLRunestone in Frameworks */,
			);
			runOnlyForDeploymentPostprocessing = 0;
		};
		D1687CF50E3519E9AB5D4729 /* Frameworks */ = {
			isa = PBXFrameworksBuildPhase;
			buildActionMask = 2147483647;
			files = (
				516497899B5C9A82CD10D93F /* Foundation.framework in Frameworks */,
			);
			runOnlyForDeploymentPostprocessing = 0;
		};
		EF30E93BAEC4406148BDFC5B /* Frameworks */ = {
			isa = PBXFrameworksBuildPhase;
			buildActionMask = 2147483647;
			files = (
				DC6E023DD6E4FA68DF3D7FDE /* Cocoa.framework in Frameworks */,
			);
			runOnlyForDeploymentPostprocessing = 0;
		};
		F32D0C42A1EB7F5130431B17 /* Frameworks */ = {
			isa = PBXFrameworksBuildPhase;
			buildActionMask = 2147483647;
			files = (
				D27B9CA5F0B60ECA8AF38016 /* Foundation.framework in Frameworks */,
			);
			runOnlyForDeploymentPostprocessing = 0;
		};
		A6E1000000000000000004A1 /* Frameworks */ = {
			isa = PBXFrameworksBuildPhase;
			buildActionMask = 2147483647;
			files = (
			);
			runOnlyForDeploymentPostprocessing = 0;
		};
/* End PBXFrameworksBuildPhase section */

/* Begin PBXGroup section */
		208D6F189D9F04FCC137EE5A /* AgntMobileTests */ = {
			isa = PBXGroup;
			children = (
				02C96CD0916A43F38184398D /* AssistantTurnEndActionVisibilityTests.swift */,
				22B3C4D5E6F708192A3B4C5E /* CodexFuzzyFileSearchDecodeTests.swift */,
				C1D2E3F40516273849A5B6C7 /* CodexServiceIncomingCommandExecutionTests.swift */,
				C1D2E3F40516273849A5B6E9 /* CodexServiceIncomingCommandExecutionTestSupport.swift */,
				C1D2E3F40516273849A5B701 /* CodexServiceIncomingToolActivityTests.swift */,
				C1D2E3F40516273849A5B723 /* CodexServiceIncomingHistoryReconcileTests.swift */,
				C1D2E3F40516273849A5B8D /* CodexServiceIncomingHistoryMergeTests.swift */,
				B0C1D2E3F40516273849A5C2 /* CodexServiceIncomingContextCompactionTests.swift */,
				C1D2E3F40516273849A5B8B /* CodexServiceIncomingFileChangeTests.swift */,
				C1D2E3F40516273849A5B6D8 /* CodexServiceIncomingImageGenerationTests.swift */,
				8D1F2A3B4C5D6E7F8091A2B4 /* CodexServiceConnectionErrorTests.swift */,
				8F1A2B3C4D5E6F708192A3B5 /* CodexPushNotificationRegistrationTests.swift */,
				D4F56781234567890ABCDE02 /* CodexServiceIncomingRunIndicatorTests.swift */,
				B5C6D7E8F9012A3B4C5D6E72 /* CodexServiceIncomingRunStateTests.swift */,
				B4C5D6E7F8091A2B3C4D5E71 /* CodexServiceIncomingReplayMirrorTests.swift */,
				B4C5D6E7F8091A2B3C4D5E73 /* CodexServiceIncomingStreamingTests.swift */,
				B4C5D6E7F8091A2B3C4D5E75 /* CodexServiceIncomingLegacyStreamingTests.swift */,
				B4C5D6E7F8091A2B3C4D5E77 /* CodexServiceIncomingHistoryStreamingTests.swift */,
				B4C5D6E7F8091A2B3C4D5E79 /* CodexServiceIncomingStreamingTestSupport.swift */,
				A2B3C4D5E6F708192A3B4C7 /* CodexServiceThreadListTests.swift */,
				E1A2B3C4D5E6F708192A3B4D /* QRScannerPairingValidatorTests.swift */,
				2A6D4B8C1E3F507192A4B6C9 /* CodexStatusTests.swift */,
				6F8E129A7BC34A12D45E6F71 /* CodexThreadStartProjectBindingTests.swift */,
				F1B2C3D4E5F60718293A4B11 /* CodexGPTAccountTests.swift */,
				A1D2E3F4B5C6D7E8F9001121 /* MyDevicesPresentationTests.swift */,
				7A1B2C3D4E5F60718293A4B6 /* CodexThreadRuntimeOverrideTests.swift */,
				B7A1C2D3E4F5061728394052 /* SidebarThreadGroupingTests.swift */,
				8CE11223A4B5C6D7E8F90124 /* SidebarRunBadgePerformanceTests.swift */,
				FA571E0004000000000000F7 /* StreamingMarkdownBlockSplitterTests.swift */,
				FA571E0005000000000000F9 /* StreamingUIInteractionMonitorTests.swift */,
				FA571E0003000000000000F5 /* TerminalPasteTests.swift */,
				8B4A2F5E7D1C4B9AA1234568 /* TurnComposerAttachmentIntakePlanTests.swift */,
				74BE370810CFD7A76DC2A25F /* TurnComposerSendAvailabilityTests.swift */,
				AB1C2D3E4F5061728394A5B6 /* TurnComposerReviewModeTests.swift */,
				9D7C9A8B7E6D5C4B3A29181F /* Queue */,
				11A2B3C4D5E6F708192A3B4D /* TurnFileAutocompleteTokenTests.swift */,
				B0C1D2E3F40516273849A5B6 /* TurnSlashCommandTokenTests.swift */,
				A9F1B2C3D4E5F60718293A41 /* TurnSkillAutocompleteTokenTests.swift */,
				A9F1B2C3D4E5F60718293A43 /* CodexSkillsListDecodeTests.swift */,
				A9F1B2C3D4E5F60718293A45 /* CodexTurnInputPayloadSkillTests.swift */,
				A9F1B2C3D4E5F60718293A47 /* CodexStructuredUserInputDecodeTests.swift */,
				B2C3D4E5F60718293A4B5C83 /* CodexPlanStructuredInputTests.swift */,
				B2C3D4E5F60718293A4B5C81 /* CodexPlanMessageTests.swift */,
				B3C4D5E6F708192A3B4C5D6F /* CodexPlanModeTests.swift */,
				B3C4D5E6F708192A3B4C5D71 /* CodexPlanModeTestSupport.swift */,
				B3C4D5E6F708192A3B4C5D73 /* CodexPlanModeResetTests.swift */,
				B3C4D5E6F708192A3B4C5D75 /* CodexPlanModeTimelineTests.swift */,
				B3C4D5E6F708192A3B4C5D77 /* CodexPlanModeQuestionnaireTests.swift */,
				4EEB36EBEA2A475AC9B30B2F /* Timeline */,
				FA571E0001000000000000F1 /* WorkspaceFileLinkResolverTests.swift */,
				FA571E0002000000000000F3 /* WorkspaceSVGPreviewSecurityTests.swift */,
			);
			path = AgntMobileTests;
			sourceTree = "<group>";
		};
		9D7C9A8B7E6D5C4B3A29181F /* Queue */ = {
			isa = PBXGroup;
			children = (
				9D7C9A8B7E6D5C4B3A291818 /* TurnViewModelQueueTests.swift */,
				9D7C9A8B7E6D5C4B3A29181A /* TurnViewModelQueueTestSupport.swift */,
				9D7C9A8B7E6D5C4B3A29181C /* TurnViewModelQueueSteeringTests.swift */,
				9D7C9A8B7E6D5C4B3A29181E /* TurnViewModelQueueTurnStateTests.swift */,
			);
			path = Queue;
			sourceTree = "<group>";
		};
		4EEB36EBEA2A475AC9B30B2F /* Timeline */ = {
			isa = PBXGroup;
			children = (
				4EEB36EBEA2A475AC9B30B1F /* TurnTimelineReducerTests.swift */,
				4EEB36EBEA2A475AC9B30B20 /* TurnTimelineReducerDeduplicationTests.swift */,
				4EEB36EBEA2A475AC9B30B62 /* TurnTimelineReducerFileChangeDeduplicationTests.swift */,
				4EEB36EBEA2A475AC9B30B63 /* TurnTimelineReducerFileChangeSnapshotDeduplicationTests.swift */,
				4EEB36EBEA2A475AC9B30B21 /* TurnTimelineReducerOrderingTests.swift */,
				4EEB36EBEA2A475AC9B30B22 /* TurnTimelineRenderProjectionTests.swift */,
				4EEB36EBEA2A475AC9B30B60 /* TurnTimelineCompletedTurnProjectionTests.swift */,
				4EEB36EBEA2A475AC9B30B61 /* TurnTimelineFileChangeProjectionTests.swift */,
				4EEB36EBEA2A475AC9B30B25 /* TurnTimelineMarkdownRenderingTests.swift */,
				4EEB36EBEA2A475AC9B30B26 /* TurnTimelineAssistantBlockInfoTests.swift */,
				4EEB36EBEA2A475AC9B30B23 /* TurnScrollStateTrackerTests.swift */,
				4EEB36EBEA2A475AC9B30B24 /* TurnTimelineTestFixtures.swift */,
			);
			path = Timeline;
			sourceTree = "<group>";
		};
		6D1FC704B2547685ECB766D8 /* BuildSupport */ = {
			isa = PBXGroup;
			children = (
				6880B31C08D19C3D55FC62F0 /* AgntMenuBar-Info.plist */,
			);
			path = BuildSupport;
			sourceTree = "<group>";
		};
		B593FCA030A810D9E56EC959 /* Frameworks */ = {
			isa = PBXGroup;
			children = (
				C04E214C2F71D4DB00AA3193 /* StoreKit.framework */,
				C1F310AC95AC9514C6883203 /* iOS */,
				F132BC0A90D092E32B9D22C1 /* OS X */,
			);
			name = Frameworks;
			sourceTree = "<group>";
		};
		C07F2BEA2F63A38900DD8621 /* Recovered References */ = {
			isa = PBXGroup;
			children = (
				3B1A9C7D5E4F60718293A4B5 /* BuildSupport/Base.xcconfig */,
			);
			name = "Recovered References";
			sourceTree = "<group>";
		};
		C09A76A52F4B8D7B003B3F3A = {
			isa = PBXGroup;
			children = (
				C09A76B02F4B8D7B003B3F3A /* AgntMobile */,
				C09A76AF2F4B8D7B003B3F3A /* Products */,
				B593FCA030A810D9E56EC959 /* Frameworks */,
				208D6F189D9F04FCC137EE5A /* AgntMobileTests */,
				E7FB7A37E42F80D70FF68438 /* AgntMobileUITests */,
				C07F2BEA2F63A38900DD8621 /* Recovered References */,
				FC9F41DCDCBEA0FE5CA8BFE9 /* AgntMenuBar */,
				6D1FC704B2547685ECB766D8 /* BuildSupport */,
				A6E1000000000000000003A0 /* AgntWidget */,
				C6F6B5CC789F6E8003AF0A88 /* SharedResources */,
			);
			sourceTree = "<group>";
		};
		C09A76AF2F4B8D7B003B3F3A /* Products */ = {
			isa = PBXGroup;
			children = (
				C09A76AE2F4B8D7B003B3F3A /* AgntMobile.app */,
				FBC8EB1341C49A392A43BFB3 /* AgntMobileTests.xctest */,
				F0EE6A924EE6B288E7D0DFE1 /* AgntMobileUITests.xctest */,
				92DE4487B55C077AF7694484 /* AgntMenuBar.app */,
				A6E1000000000000000001B0 /* AgntWidget.appex */,
			);
			name = Products;
			sourceTree = "<group>";
		};
		C1F310AC95AC9514C6883203 /* iOS */ = {
			isa = PBXGroup;
			children = (
				9A37794F4B32C1952A3770E0 /* Foundation.framework */,
				A4B0C1D2E3F4051627384A01 /* GhosttyKit.xcframework */,
				A4B0C1D2E3F4051627384A03 /* IOSurface.framework */,
				A4B0C1D2E3F4051627384A05 /* Metal.framework */,
				A4B0C1D2E3F4051627384A07 /* MetalKit.framework */,
				A4B0C1D2E3F4051627384A09 /* QuartzCore.framework */,
				A4B0C1D2E3F4051627384A0F /* UIKit.framework */,
				A4B0C1D2E3F4051627384A0B /* libc++.tbd */,
				A4B0C1D2E3F4051627384A0D /* libz.tbd */,
			);
			name = iOS;
			sourceTree = "<group>";
		};
		C6F6B5CC789F6E8003AF0A88 /* SharedResources */ = {
			isa = PBXGroup;
			children = (
				A932BE773A84EFEA525DF684 /* Assets.xcassets */,
			);
			name = SharedResources;
			sourceTree = SOURCE_ROOT;
		};
		E7FB7A37E42F80D70FF68438 /* AgntMobileUITests */ = {
			isa = PBXGroup;
			children = (
				D523A0A98D6540D0E2EE6131 /* AgntMobileUITests.swift */,
			);
			path = AgntMobileUITests;
			sourceTree = "<group>";
		};
		F132BC0A90D092E32B9D22C1 /* OS X */ = {
			isa = PBXGroup;
			children = (
				E5E1FA12CF5120C8C8A64111 /* Cocoa.framework */,
			);
			name = "OS X";
			sourceTree = "<group>";
		};
		FC9F41DCDCBEA0FE5CA8BFE9 /* AgntMenuBar */ = {
			isa = PBXGroup;
			children = (
				C0B9CCCCC45E47616AB452FA /* AgntMenuBarApp.swift */,
				C9CD1EA13B728103A5654EEA /* BridgeControlModels.swift */,
				357D589B8C179934A884F8CC /* BridgeControlService.swift */,
				3A1FC345ADD350213550F36C /* BridgeMenuBarStore.swift */,
				53C1E3E027CF4B98453962A0 /* BridgeMenuBarViews.swift */,
			);
			path = AgntMenuBar;
			sourceTree = SOURCE_ROOT;
		};
		A6E1000000000000000003A0 /* AgntWidget */ = {
			isa = PBXGroup;
			children = (
				A6E1000000000000000001A1 /* AgntWidgetBundle.swift */,
				A6E1000000000000000001A2 /* AgntLockScreenWidget.swift */,
				A6E1000000000000000001A3 /* AgntControlCenterWidget.swift */,
				A6E1000000000000000001A4 /* AgntLaunchIntent.swift */,
				A6E1000000000000000001A5 /* AgntLiveActivity.swift */,
				A6E1000000000000000001A6 /* AgntActivityAttributes.swift */,
				A6E1000000000000000001A7 /* Assets.xcassets */,
				A6E1000000000000000001A8 /* Info.plist */,
				A6E1000000000000000001A9 /* AgntWidget.entitlements */,
			);
			path = AgntWidget;
			sourceTree = SOURCE_ROOT;
		};
/* End PBXGroup section */

/* Begin PBXNativeTarget section */
		4DA12F4370C3EC1B9280A66F /* AgntMobileUITests */ = {
			isa = PBXNativeTarget;
			buildConfigurationList = 520922595A0A6AF31B19F229 /* Build configuration list for PBXNativeTarget "AgntMobileUITests" */;
			buildPhases = (
				328D9BFFDCB2BC75D1E050D5 /* Sources */,
				F32D0C42A1EB7F5130431B17 /* Frameworks */,
				9CD817864C4458932F41C6DB /* Resources */,
			);
			buildRules = (
			);
			dependencies = (
				E45B44A48EB84FE175FC34D0 /* PBXTargetDependency */,
			);
			name = AgntMobileUITests;
			productName = AgntMobileUITests;
			productReference = F0EE6A924EE6B288E7D0DFE1 /* AgntMobileUITests.xctest */;
			productType = "com.apple.product-type.bundle.ui-testing";
		};
		4FFD549D910217B7A40E28FF /* AgntMenuBar */ = {
			isa = PBXNativeTarget;
			buildConfigurationList = C978CFA24307FCCEEA59F4AD /* Build configuration list for PBXNativeTarget "AgntMenuBar" */;
			buildPhases = (
				2D7AA7FEA6A304C8C903D33E /* Sources */,
				EF30E93BAEC4406148BDFC5B /* Frameworks */,
				12E9F3EA573D6AC70E3A09EA /* Resources */,
			);
			buildRules = (
			);
			dependencies = (
			);
			name = AgntMenuBar;
			productName = AgntMenuBar;
			productReference = 92DE4487B55C077AF7694484 /* AgntMenuBar.app */;
			productType = "com.apple.product-type.application";
		};
		75087BFA4D34C41906650C95 /* AgntMobileTests */ = {
			isa = PBXNativeTarget;
			buildConfigurationList = A12D73031EE6808173A99691 /* Build configuration list for PBXNativeTarget "AgntMobileTests" */;
			buildPhases = (
				CC9279F10CC29F0557B8C955 /* Sources */,
				D1687CF50E3519E9AB5D4729 /* Frameworks */,
				5A5D7883E5CC7BCD3EAC431E /* Resources */,
			);
			buildRules = (
			);
			dependencies = (
				AAE44F8D7AD2D1D62A7CE4B0 /* PBXTargetDependency */,
			);
			name = AgntMobileTests;
			productName = AgntMobileTests;
			productReference = FBC8EB1341C49A392A43BFB3 /* AgntMobileTests.xctest */;
			productType = "com.apple.product-type.bundle.unit-test";
		};
		C09A76AD2F4B8D7B003B3F3A /* AgntMobile */ = {
			isa = PBXNativeTarget;
			buildConfigurationList = C09A76B92F4B8D7C003B3F3A /* Build configuration list for PBXNativeTarget "AgntMobile" */;
			buildPhases = (
				C09A76AA2F4B8D7B003B3F3A /* Sources */,
				C09A76AB2F4B8D7B003B3F3A /* Frameworks */,
				C09A76AC2F4B8D7B003B3F3A /* Resources */,
				A6E1000000000000000004A3 /* Embed Foundation Extensions */,
			);
			buildRules = (
			);
			dependencies = (
				A6E1000000000000000007A1 /* PBXTargetDependency */,
			);
			fileSystemSynchronizedGroups = (
				C09A76B02F4B8D7B003B3F3A /* AgntMobile */,
			);
			name = AgntMobile;
			productName = AgntMobile;
			productReference = C09A76AE2F4B8D7B003B3F3A /* AgntMobile.app */;
			productType = "com.apple.product-type.application";
		};
		A6E1000000000000000005A0 /* AgntWidget */ = {
			isa = PBXNativeTarget;
			buildConfigurationList = A6E1000000000000000006A0 /* Build configuration list for PBXNativeTarget "AgntWidget" */;
			buildPhases = (
				A6E1000000000000000004A0 /* Sources */,
				A6E1000000000000000004A1 /* Frameworks */,
				A6E1000000000000000004A2 /* Resources */,
			);
			buildRules = (
			);
			dependencies = (
			);
			name = AgntWidget;
			productName = AgntWidget;
			productReference = A6E1000000000000000001B0 /* AgntWidget.appex */;
			productType = "com.apple.product-type.app-extension";
		};
/* End PBXNativeTarget section */

/* Begin PBXProject section */
		C09A76A62F4B8D7B003B3F3A /* Project object */ = {
			isa = PBXProject;
			attributes = {
				BuildIndependentTargetsInParallel = 1;
				LastSwiftUpdateCheck = 2620;
				LastUpgradeCheck = 2620;
				TargetAttributes = {
					C09A76AD2F4B8D7B003B3F3A = {
						CreatedOnToolsVersion = 26.2;
					};
				};
			};
			buildConfigurationList = C09A76A92F4B8D7B003B3F3A /* Build configuration list for PBXProject "AgntMobile" */;
			developmentRegion = en;
			hasScannedForEncodings = 0;
			knownRegions = (
				en,
				Base,
			);
			mainGroup = C09A76A52F4B8D7B003B3F3A;
			minimizedProjectReferenceProxies = 1;
			packageReferences = (
				C0DED3342F5E39DC0021A8E8 /* XCRemoteSwiftPackageReference "textual" */,
				C078C1A02F79000100BEEF01 /* XCRemoteSwiftPackageReference "Citadel" */,
				DEC0DE000000000000000A01 /* XCRemoteSwiftPackageReference "Runestone" */,
				DEC0DE000000000000000A02 /* XCRemoteSwiftPackageReference "TreeSitterLanguages" */,
			);
			preferredProjectObjectVersion = 77;
			productRefGroup = C09A76AF2F4B8D7B003B3F3A /* Products */;
			projectDirPath = "";
			projectRoot = "";
			targets = (
				C09A76AD2F4B8D7B003B3F3A /* AgntMobile */,
				75087BFA4D34C41906650C95 /* AgntMobileTests */,
				4DA12F4370C3EC1B9280A66F /* AgntMobileUITests */,
				4FFD549D910217B7A40E28FF /* AgntMenuBar */,
				A6E1000000000000000005A0 /* AgntWidget */,
			);
		};
/* End PBXProject section */

/* Begin PBXResourcesBuildPhase section */
		12E9F3EA573D6AC70E3A09EA /* Resources */ = {
			isa = PBXResourcesBuildPhase;
			buildActionMask = 2147483647;
			files = (
				45ECA26015C46B1F63E84A73 /* Assets.xcassets in Resources */,
			);
			runOnlyForDeploymentPostprocessing = 0;
		};
		5A5D7883E5CC7BCD3EAC431E /* Resources */ = {
			isa = PBXResourcesBuildPhase;
			buildActionMask = 2147483647;
			files = (
			);
			runOnlyForDeploymentPostprocessing = 0;
		};
		9CD817864C4458932F41C6DB /* Resources */ = {
			isa = PBXResourcesBuildPhase;
			buildActionMask = 2147483647;
			files = (
			);
			runOnlyForDeploymentPostprocessing = 0;
		};
		C09A76AC2F4B8D7B003B3F3A /* Resources */ = {
			isa = PBXResourcesBuildPhase;
			buildActionMask = 2147483647;
			files = (
			);
			runOnlyForDeploymentPostprocessing = 0;
		};
		A6E1000000000000000004A2 /* Resources */ = {
			isa = PBXResourcesBuildPhase;
			buildActionMask = 2147483647;
			files = (
				A6E1000000000000000002A7 /* Assets.xcassets in Resources */,
			);
			runOnlyForDeploymentPostprocessing = 0;
		};
/* End PBXResourcesBuildPhase section */

/* Begin PBXSourcesBuildPhase section */
		2D7AA7FEA6A304C8C903D33E /* Sources */ = {
			isa = PBXSourcesBuildPhase;
			buildActionMask = 2147483647;
			files = (
				DAAD0C0C717F9415C3E9D21A /* AgntMenuBarApp.swift in Sources */,
				653D2279D3E2FEE59237D854 /* BridgeControlModels.swift in Sources */,
				536FE94CCA889CE20A57EC42 /* BridgeControlService.swift in Sources */,
				1BF7B512D49503A3C3290F00 /* BridgeMenuBarStore.swift in Sources */,
				5D0DB447AAE8F5B60D164223 /* BridgeMenuBarViews.swift in Sources */,
			);
			runOnlyForDeploymentPostprocessing = 0;
		};
		328D9BFFDCB2BC75D1E050D5 /* Sources */ = {
			isa = PBXSourcesBuildPhase;
			buildActionMask = 2147483647;
			files = (
				90120FC72C9B8D0F5F03F14D /* AgntMobileUITests.swift in Sources */,
			);
			runOnlyForDeploymentPostprocessing = 0;
		};
		C09A76AA2F4B8D7B003B3F3A /* Sources */ = {
			isa = PBXSourcesBuildPhase;
			buildActionMask = 2147483647;
			files = (
				A6E1000000000000000002B4 /* AgntLaunchIntent.swift in Sources */,
				A6E1000000000000000002B6 /* AgntActivityAttributes.swift in Sources */,
			);
			runOnlyForDeploymentPostprocessing = 0;
		};
		CC9279F10CC29F0557B8C955 /* Sources */ = {
			isa = PBXSourcesBuildPhase;
			buildActionMask = 2147483647;
			files = (
				7EFA3E8309EF41CA902C7A67 /* AssistantTurnEndActionVisibilityTests.swift in Sources */,
				22B3C4D5E6F708192A3B4C5D /* CodexFuzzyFileSearchDecodeTests.swift in Sources */,
				B1C2D3E4F5061728394A5B6C /* CodexServiceIncomingCommandExecutionTests.swift in Sources */,
				B1C2D3E4F5061728394A5B6E /* CodexServiceIncomingCommandExecutionTestSupport.swift in Sources */,
				B1C2D3E4F5061728394A5B70 /* CodexServiceIncomingToolActivityTests.swift in Sources */,
				B1C2D3E4F5061728394A5B72 /* CodexServiceIncomingHistoryReconcileTests.swift in Sources */,
				B1C2D3E4F5061728394A5B8C /* CodexServiceIncomingHistoryMergeTests.swift in Sources */,
				B0C1D2E3F40516273849A5C1 /* CodexServiceIncomingContextCompactionTests.swift in Sources */,
				B1C2D3E4F5061728394A5B8A /* CodexServiceIncomingFileChangeTests.swift in Sources */,
				B1C2D3E4F5061728394A5B6D /* CodexServiceIncomingImageGenerationTests.swift in Sources */,
				8D1F2A3B4C5D6E7F8091A2B3 /* CodexServiceConnectionErrorTests.swift in Sources */,
				8F1A2B3C4D5E6F708192A3B4 /* CodexPushNotificationRegistrationTests.swift in Sources */,
				D4F56781234567890ABCDE01 /* CodexServiceIncomingRunIndicatorTests.swift in Sources */,
				B5C6D7E8F9012A3B4C5D6E71 /* CodexServiceIncomingRunStateTests.swift in Sources */,
				B4C5D6E7F8091A2B3C4D5E70 /* CodexServiceIncomingReplayMirrorTests.swift in Sources */,
				B4C5D6E7F8091A2B3C4D5E72 /* CodexServiceIncomingStreamingTests.swift in Sources */,
				B4C5D6E7F8091A2B3C4D5E74 /* CodexServiceIncomingLegacyStreamingTests.swift in Sources */,
				B4C5D6E7F8091A2B3C4D5E76 /* CodexServiceIncomingHistoryStreamingTests.swift in Sources */,
				B4C5D6E7F8091A2B3C4D5E78 /* CodexServiceIncomingStreamingTestSupport.swift in Sources */,
				A2B3C4D5E6F708192A3B4C6 /* CodexServiceThreadListTests.swift in Sources */,
				E1A2B3C4D5E6F708192A3B4C /* QRScannerPairingValidatorTests.swift in Sources */,
				2A6D4B8C1E3F507192A4B6C8 /* CodexStatusTests.swift in Sources */,
				6F8E129A7BC34A12D45E6F70 /* CodexThreadStartProjectBindingTests.swift in Sources */,
				F1B2C3D4E5F60718293A4B10 /* CodexGPTAccountTests.swift in Sources */,
				A1D2E3F4B5C6D7E8F9001120 /* MyDevicesPresentationTests.swift in Sources */,
				7A1B2C3D4E5F60718293A4B5 /* CodexThreadRuntimeOverrideTests.swift in Sources */,
				B7A1C2D3E4F5061728394051 /* SidebarThreadGroupingTests.swift in Sources */,
				8CE11223A4B5C6D7E8F90123 /* SidebarRunBadgePerformanceTests.swift in Sources */,
				FA571E0004000000000000F8 /* StreamingMarkdownBlockSplitterTests.swift in Sources */,
				FA571E0005000000000000FA /* StreamingUIInteractionMonitorTests.swift in Sources */,
				FA571E0003000000000000F6 /* TerminalPasteTests.swift in Sources */,
				8B4A2F5E7D1C4B9AA1234567 /* TurnComposerAttachmentIntakePlanTests.swift in Sources */,
				4C0F0D55A5051D8301463C69 /* TurnComposerSendAvailabilityTests.swift in Sources */,
				AB1C2D3E4F5061728394A5B7 /* TurnComposerReviewModeTests.swift in Sources */,
				9D7C9A8B7E6D5C4B3A291817 /* TurnViewModelQueueTests.swift in Sources */,
				9D7C9A8B7E6D5C4B3A291819 /* TurnViewModelQueueTestSupport.swift in Sources */,
				9D7C9A8B7E6D5C4B3A29181B /* TurnViewModelQueueSteeringTests.swift in Sources */,
				9D7C9A8B7E6D5C4B3A29181D /* TurnViewModelQueueTurnStateTests.swift in Sources */,
				11A2B3C4D5E6F708192A3B4C /* TurnFileAutocompleteTokenTests.swift in Sources */,
				B0C1D2E3F40516273849A5B7 /* TurnSlashCommandTokenTests.swift in Sources */,
				A9F1B2C3D4E5F60718293A40 /* TurnSkillAutocompleteTokenTests.swift in Sources */,
				A9F1B2C3D4E5F60718293A42 /* CodexSkillsListDecodeTests.swift in Sources */,
				A9F1B2C3D4E5F60718293A44 /* CodexTurnInputPayloadSkillTests.swift in Sources */,
				A9F1B2C3D4E5F60718293A46 /* CodexStructuredUserInputDecodeTests.swift in Sources */,
				B2C3D4E5F60718293A4B5C82 /* CodexPlanStructuredInputTests.swift in Sources */,
				B2C3D4E5F60718293A4B5C80 /* CodexPlanMessageTests.swift in Sources */,
				B3C4D5E6F708192A3B4C5D6E /* CodexPlanModeTests.swift in Sources */,
				B3C4D5E6F708192A3B4C5D70 /* CodexPlanModeTestSupport.swift in Sources */,
				B3C4D5E6F708192A3B4C5D72 /* CodexPlanModeResetTests.swift in Sources */,
				B3C4D5E6F708192A3B4C5D74 /* CodexPlanModeTimelineTests.swift in Sources */,
				B3C4D5E6F708192A3B4C5D76 /* CodexPlanModeQuestionnaireTests.swift in Sources */,
				4CCE0926DAD312571934343A /* TurnTimelineReducerTests.swift in Sources */,
				4CCE0926DAD3125719343440 /* TurnTimelineReducerDeduplicationTests.swift in Sources */,
				4CCE0926DAD3125719343462 /* TurnTimelineReducerFileChangeDeduplicationTests.swift in Sources */,
				4CCE0926DAD3125719343463 /* TurnTimelineReducerFileChangeSnapshotDeduplicationTests.swift in Sources */,
				4CCE0926DAD3125719343441 /* TurnTimelineReducerOrderingTests.swift in Sources */,
				4CCE0926DAD3125719343442 /* TurnTimelineRenderProjectionTests.swift in Sources */,
				4CCE0926DAD3125719343460 /* TurnTimelineCompletedTurnProjectionTests.swift in Sources */,
				4CCE0926DAD3125719343461 /* TurnTimelineFileChangeProjectionTests.swift in Sources */,
				4CCE0926DAD3125719343445 /* TurnTimelineMarkdownRenderingTests.swift in Sources */,
				4CCE0926DAD3125719343446 /* TurnTimelineAssistantBlockInfoTests.swift in Sources */,
				4CCE0926DAD3125719343443 /* TurnScrollStateTrackerTests.swift in Sources */,
				4CCE0926DAD3125719343444 /* TurnTimelineTestFixtures.swift in Sources */,
				FA571E0001000000000000F2 /* WorkspaceFileLinkResolverTests.swift in Sources */,
				FA571E0002000000000000F4 /* WorkspaceSVGPreviewSecurityTests.swift in Sources */,
			);
			runOnlyForDeploymentPostprocessing = 0;
		};
		A6E1000000000000000004A0 /* Sources */ = {
			isa = PBXSourcesBuildPhase;
			buildActionMask = 2147483647;
			files = (
				A6E1000000000000000002A1 /* AgntWidgetBundle.swift in Sources */,
				A6E1000000000000000002A2 /* AgntLockScreenWidget.swift in Sources */,
				A6E1000000000000000002A3 /* AgntControlCenterWidget.swift in Sources */,
				A6E1000000000000000002A4 /* AgntLaunchIntent.swift in Sources */,
				A6E1000000000000000002A5 /* AgntLiveActivity.swift in Sources */,
				A6E1000000000000000002A6 /* AgntActivityAttributes.swift in Sources */,
			);
			runOnlyForDeploymentPostprocessing = 0;
		};
/* End PBXSourcesBuildPhase section */

/* Begin PBXTargetDependency section */
		AAE44F8D7AD2D1D62A7CE4B0 /* PBXTargetDependency */ = {
			isa = PBXTargetDependency;
			name = AgntMobile;
			target = C09A76AD2F4B8D7B003B3F3A /* AgntMobile */;
			targetProxy = 5D03133674F4AAC9F7795B99 /* PBXContainerItemProxy */;
		};
		E45B44A48EB84FE175FC34D0 /* PBXTargetDependency */ = {
			isa = PBXTargetDependency;
			name = AgntMobile;
			target = C09A76AD2F4B8D7B003B3F3A /* AgntMobile */;
			targetProxy = E2BB2694093FF25EF91584CB /* PBXContainerItemProxy */;
		};
		A6E1000000000000000007A1 /* PBXTargetDependency */ = {
			isa = PBXTargetDependency;
			target = A6E1000000000000000005A0 /* AgntWidget */;
			targetProxy = A6E1000000000000000007A0 /* PBXContainerItemProxy */;
		};
/* End PBXTargetDependency section */

/* Begin XCBuildConfiguration section */
		501D189BC697D4A1009B0D76 /* Debug */ = {
			isa = XCBuildConfiguration;
			buildSettings = {
				BUNDLE_LOADER = "$(TEST_HOST)";
				CLANG_ENABLE_OBJC_WEAK = NO;
				CODE_SIGN_STYLE = Automatic;
				DEVELOPMENT_TEAM = HR24WHR326;
				GENERATE_INFOPLIST_FILE = YES;
				INFOPLIST_KEY_CFBundleDisplayName = "$(PRODUCT_NAME)";
				IPHONEOS_DEPLOYMENT_TARGET = 26.2;
				PRODUCT_BUNDLE_IDENTIFIER = com.dotbrains.agnt.AgntMobileTests;
				PRODUCT_NAME = "$(TARGET_NAME)";
				SDKROOT = iphoneos;
				SWIFT_VERSION = 5.0;
				TARGETED_DEVICE_FAMILY = "1,2";
				TEST_HOST = "$(BUILT_PRODUCTS_DIR)/AgntMobile.app/AgntMobile";
			};
			name = Debug;
		};
		65A5DA106464FE5B4A8C283B /* Debug */ = {
			isa = XCBuildConfiguration;
			buildSettings = {
				CLANG_ENABLE_OBJC_WEAK = NO;
				CODE_SIGN_STYLE = Automatic;
				DEVELOPMENT_TEAM = HR24WHR326;
				GENERATE_INFOPLIST_FILE = YES;
				INFOPLIST_KEY_CFBundleDisplayName = "$(PRODUCT_NAME)";
				IPHONEOS_DEPLOYMENT_TARGET = 26.2;
				PRODUCT_BUNDLE_IDENTIFIER = com.dotbrains.agnt.AgntMobileUITests;
				PRODUCT_NAME = "$(TARGET_NAME)";
				SDKROOT = iphoneos;
				SWIFT_VERSION = 5.0;
				TARGETED_DEVICE_FAMILY = "1,2";
				TEST_TARGET_NAME = AgntMobile;
			};
			name = Debug;
		};
		8426CF6884E52AD84593126D /* Release */ = {
			isa = XCBuildConfiguration;
			buildSettings = {
				CLANG_ENABLE_OBJC_WEAK = NO;
				CODE_SIGN_STYLE = Automatic;
				DEVELOPMENT_TEAM = HR24WHR326;
				GENERATE_INFOPLIST_FILE = YES;
				INFOPLIST_KEY_CFBundleDisplayName = "$(PRODUCT_NAME)";
				IPHONEOS_DEPLOYMENT_TARGET = 26.2;
				PRODUCT_BUNDLE_IDENTIFIER = com.dotbrains.agnt.AgntMobileUITests;
				PRODUCT_NAME = "$(TARGET_NAME)";
				SDKROOT = iphoneos;
				SWIFT_VERSION = 5.0;
				TARGETED_DEVICE_FAMILY = "1,2";
				TEST_TARGET_NAME = AgntMobile;
				VALIDATE_PRODUCT = YES;
			};
			name = Release;
		};
		A71FD816CC5B382C7BEB2025 /* Release */ = {
			isa = XCBuildConfiguration;
			buildSettings = {
				BUNDLE_LOADER = "$(TEST_HOST)";
				CLANG_ENABLE_OBJC_WEAK = NO;
				CODE_SIGN_STYLE = Automatic;
				DEVELOPMENT_TEAM = HR24WHR326;
				GENERATE_INFOPLIST_FILE = YES;
				INFOPLIST_KEY_CFBundleDisplayName = "$(PRODUCT_NAME)";
				IPHONEOS_DEPLOYMENT_TARGET = 26.2;
				PRODUCT_BUNDLE_IDENTIFIER = com.dotbrains.agnt.AgntMobileTests;
				PRODUCT_NAME = "$(TARGET_NAME)";
				SDKROOT = iphoneos;
				SWIFT_VERSION = 5.0;
				TARGETED_DEVICE_FAMILY = "1,2";
				TEST_HOST = "$(BUILT_PRODUCTS_DIR)/AgntMobile.app/AgntMobile";
				VALIDATE_PRODUCT = YES;
			};
			name = Release;
		};
		C09A76B72F4B8D7C003B3F3A /* Debug */ = {
			isa = XCBuildConfiguration;
			buildSettings = {
				ALWAYS_SEARCH_USER_PATHS = NO;
				ASSETCATALOG_COMPILER_GENERATE_SWIFT_ASSET_SYMBOL_EXTENSIONS = YES;
				CLANG_ANALYZER_NONNULL = YES;
				CLANG_ANALYZER_NUMBER_OBJECT_CONVERSION = YES_AGGRESSIVE;
				CLANG_CXX_LANGUAGE_STANDARD = "gnu++20";
				CLANG_ENABLE_MODULES = YES;
				CLANG_ENABLE_OBJC_ARC = YES;
				CLANG_ENABLE_OBJC_WEAK = YES;
				CLANG_WARN_BLOCK_CAPTURE_AUTORELEASING = YES;
				CLANG_WARN_BOOL_CONVERSION = YES;
				CLANG_WARN_COMMA = YES;
				CLANG_WARN_CONSTANT_CONVERSION = YES;
				CLANG_WARN_DEPRECATED_OBJC_IMPLEMENTATIONS = YES;
				CLANG_WARN_DIRECT_OBJC_ISA_USAGE = YES_ERROR;
				CLANG_WARN_DOCUMENTATION_COMMENTS = YES;
				CLANG_WARN_EMPTY_BODY = YES;
				CLANG_WARN_ENUM_CONVERSION = YES;
				CLANG_WARN_INFINITE_RECURSION = YES;
				CLANG_WARN_INT_CONVERSION = YES;
				CLANG_WARN_NON_LITERAL_NULL_CONVERSION = YES;
				CLANG_WARN_OBJC_IMPLICIT_RETAIN_SELF = YES;
				CLANG_WARN_OBJC_LITERAL_CONVERSION = YES;
				CLANG_WARN_OBJC_ROOT_CLASS = YES_ERROR;
				CLANG_WARN_QUOTED_INCLUDE_IN_FRAMEWORK_HEADER = YES;
				CLANG_WARN_RANGE_LOOP_ANALYSIS = YES;
				CLANG_WARN_STRICT_PROTOTYPES = YES;
				CLANG_WARN_SUSPICIOUS_MOVE = YES;
				CLANG_WARN_UNGUARDED_AVAILABILITY = YES_AGGRESSIVE;
				CLANG_WARN_UNREACHABLE_CODE = YES;
				CLANG_WARN__DUPLICATE_METHOD_MATCH = YES;
				COPY_PHASE_STRIP = NO;
				DEBUG_INFORMATION_FORMAT = dwarf;
				DEVELOPMENT_TEAM = HR24WHR326;
				ENABLE_STRICT_OBJC_MSGSEND = YES;
				ENABLE_TESTABILITY = YES;
				ENABLE_USER_SCRIPT_SANDBOXING = YES;
				GCC_C_LANGUAGE_STANDARD = gnu17;
				GCC_DYNAMIC_NO_PIC = NO;
				GCC_NO_COMMON_BLOCKS = YES;
				GCC_OPTIMIZATION_LEVEL = 0;
				GCC_PREPROCESSOR_DEFINITIONS = (
					"DEBUG=1",
					"$(inherited)",
				);
				GCC_WARN_64_TO_32_BIT_CONVERSION = YES;
				GCC_WARN_ABOUT_RETURN_TYPE = YES_ERROR;
				GCC_WARN_UNDECLARED_SELECTOR = YES;
				GCC_WARN_UNINITIALIZED_AUTOS = YES_AGGRESSIVE;
				GCC_WARN_UNUSED_FUNCTION = YES;
				GCC_WARN_UNUSED_VARIABLE = YES;
				IPHONEOS_DEPLOYMENT_TARGET = 26.2;
				LOCALIZATION_PREFERS_STRING_CATALOGS = YES;
				MTL_ENABLE_DEBUG_INFO = INCLUDE_SOURCE;
				MTL_FAST_MATH = YES;
				ONLY_ACTIVE_ARCH = YES;
				SDKROOT = iphoneos;
				SWIFT_ACTIVE_COMPILATION_CONDITIONS = "DEBUG $(inherited)";
				SWIFT_OPTIMIZATION_LEVEL = "-Onone";
			};
			name = Debug;
		};
		C09A76B82F4B8D7C003B3F3A /* Release */ = {
			isa = XCBuildConfiguration;
			buildSettings = {
				ALWAYS_SEARCH_USER_PATHS = NO;
				ASSETCATALOG_COMPILER_GENERATE_SWIFT_ASSET_SYMBOL_EXTENSIONS = YES;
				CLANG_ANALYZER_NONNULL = YES;
				CLANG_ANALYZER_NUMBER_OBJECT_CONVERSION = YES_AGGRESSIVE;
				CLANG_CXX_LANGUAGE_STANDARD = "gnu++20";
				CLANG_ENABLE_MODULES = YES;
				CLANG_ENABLE_OBJC_ARC = YES;
				CLANG_ENABLE_OBJC_WEAK = YES;
				CLANG_WARN_BLOCK_CAPTURE_AUTORELEASING = YES;
				CLANG_WARN_BOOL_CONVERSION = YES;
				CLANG_WARN_COMMA = YES;
				CLANG_WARN_CONSTANT_CONVERSION = YES;
				CLANG_WARN_DEPRECATED_OBJC_IMPLEMENTATIONS = YES;
				CLANG_WARN_DIRECT_OBJC_ISA_USAGE = YES_ERROR;
				CLANG_WARN_DOCUMENTATION_COMMENTS = YES;
				CLANG_WARN_EMPTY_BODY = YES;
				CLANG_WARN_ENUM_CONVERSION = YES;
				CLANG_WARN_INFINITE_RECURSION = YES;
				CLANG_WARN_INT_CONVERSION = YES;
				CLANG_WARN_NON_LITERAL_NULL_CONVERSION = YES;
				CLANG_WARN_OBJC_IMPLICIT_RETAIN_SELF = YES;
				CLANG_WARN_OBJC_LITERAL_CONVERSION = YES;
				CLANG_WARN_OBJC_ROOT_CLASS = YES_ERROR;
				CLANG_WARN_QUOTED_INCLUDE_IN_FRAMEWORK_HEADER = YES;
				CLANG_WARN_RANGE_LOOP_ANALYSIS = YES;
				CLANG_WARN_STRICT_PROTOTYPES = YES;
				CLANG_WARN_SUSPICIOUS_MOVE = YES;
				CLANG_WARN_UNGUARDED_AVAILABILITY = YES_AGGRESSIVE;
				CLANG_WARN_UNREACHABLE_CODE = YES;
				CLANG_WARN__DUPLICATE_METHOD_MATCH = YES;
				COPY_PHASE_STRIP = NO;
				DEBUG_INFORMATION_FORMAT = "dwarf-with-dsym";
				DEVELOPMENT_TEAM = HR24WHR326;
				ENABLE_NS_ASSERTIONS = NO;
				ENABLE_STRICT_OBJC_MSGSEND = YES;
				ENABLE_USER_SCRIPT_SANDBOXING = YES;
				GCC_C_LANGUAGE_STANDARD = gnu17;
				GCC_NO_COMMON_BLOCKS = YES;
				GCC_WARN_64_TO_32_BIT_CONVERSION = YES;
				GCC_WARN_ABOUT_RETURN_TYPE = YES_ERROR;
				GCC_WARN_UNDECLARED_SELECTOR = YES;
				GCC_WARN_UNINITIALIZED_AUTOS = YES_AGGRESSIVE;
				GCC_WARN_UNUSED_FUNCTION = YES;
				GCC_WARN_UNUSED_VARIABLE = YES;
				IPHONEOS_DEPLOYMENT_TARGET = 26.2;
				LOCALIZATION_PREFERS_STRING_CATALOGS = YES;
				MTL_ENABLE_DEBUG_INFO = NO;
				MTL_FAST_MATH = YES;
				SDKROOT = iphoneos;
				SWIFT_COMPILATION_MODE = wholemodule;
				VALIDATE_PRODUCT = YES;
			};
			name = Release;
		};
		C09A76BA2F4B8D7C003B3F3A /* Debug */ = {
			isa = XCBuildConfiguration;
			baseConfigurationReference = 3B1A9C7D5E4F60718293A4B5 /* BuildSupport/Base.xcconfig */;
			buildSettings = {
				APS_ENVIRONMENT = development;
				ASSETCATALOG_COMPILER_ALTERNATE_APPICON_NAMES = AgntContrast;
				ASSETCATALOG_COMPILER_APPICON_NAME = Agnt;
				ASSETCATALOG_COMPILER_GLOBAL_ACCENT_COLOR_NAME = AccentColor;
				ASSETCATALOG_COMPILER_INCLUDE_ALL_APPICON_ASSETS = NO;
				"CODE_SIGN_ENTITLEMENTS[sdk=iphoneos*]" = AgntMobile/AgntMobile.entitlements;
				CODE_SIGN_IDENTITY = "Apple Development";
				CODE_SIGN_STYLE = Automatic;
				CURRENT_PROJECT_VERSION = 113;
				DEVELOPMENT_TEAM = HR24WHR326;
				ENABLE_PREVIEWS = YES;
				GENERATE_INFOPLIST_FILE = NO;
				INFOPLIST_FILE = "BuildSupport/AgntMobile-Info.plist";
				INFOPLIST_KEY_CFBundleDisplayName = agnt;
				INFOPLIST_KEY_LSApplicationCategoryType = "public.app-category.developer-tools";
				INFOPLIST_KEY_NSLocalNetworkUsageDescription = "AgntMobile needs local network access to connect to your Codex app-server running on your Mac.";
				INFOPLIST_KEY_NSPhotoLibraryUsageDescription = "AgntMobile needs photo library access to let you attach images to your messages.";
				INFOPLIST_KEY_UIApplicationSceneManifest_Generation = YES;
				INFOPLIST_KEY_UIApplicationSupportsIndirectInputEvents = YES;
				INFOPLIST_KEY_UILaunchScreen_Generation = YES;
				INFOPLIST_KEY_UISupportedInterfaceOrientations_iPad = "UIInterfaceOrientationPortrait UIInterfaceOrientationPortraitUpsideDown UIInterfaceOrientationLandscapeLeft UIInterfaceOrientationLandscapeRight";
				INFOPLIST_KEY_UISupportedInterfaceOrientations_iPhone = "UIInterfaceOrientationPortrait UIInterfaceOrientationLandscapeLeft UIInterfaceOrientationLandscapeRight";
				IPHONEOS_DEPLOYMENT_TARGET = 18.6;
				LD_RUNPATH_SEARCH_PATHS = (
					"$(inherited)",
					"@executable_path/Frameworks",
				);
				MARKETING_VERSION = 1.5;
				PRODUCT_BUNDLE_IDENTIFIER = com.dotbrains.agnt.AgntMobile;
				PRODUCT_NAME = "$(TARGET_NAME)";
				PROVISIONING_PROFILE_SPECIFIER = "";
				STRING_CATALOG_GENERATE_SYMBOLS = YES;
				SUPPORTED_PLATFORMS = "iphoneos iphonesimulator";
				SUPPORTS_MACCATALYST = NO;
				SUPPORTS_MAC_DESIGNED_FOR_IPHONE_IPAD = NO;
				SWIFT_APPROACHABLE_CONCURRENCY = YES;
				SWIFT_DEFAULT_ACTOR_ISOLATION = MainActor;
				SWIFT_EMIT_LOC_STRINGS = YES;
				SWIFT_UPCOMING_FEATURE_MEMBER_IMPORT_VISIBILITY = YES;
				SWIFT_VERSION = 5.0;
				TARGETED_DEVICE_FAMILY = 1;
			};
			name = Debug;
		};
		C09A76BB2F4B8D7C003B3F3A /* Release */ = {
			isa = XCBuildConfiguration;
			baseConfigurationReference = 3B1A9C7D5E4F60718293A4B5 /* BuildSupport/Base.xcconfig */;
			buildSettings = {
				APS_ENVIRONMENT = production;
				ASSETCATALOG_COMPILER_ALTERNATE_APPICON_NAMES = AgntContrast;
				ASSETCATALOG_COMPILER_APPICON_NAME = Agnt;
				ASSETCATALOG_COMPILER_GLOBAL_ACCENT_COLOR_NAME = AccentColor;
				ASSETCATALOG_COMPILER_INCLUDE_ALL_APPICON_ASSETS = NO;
				"CODE_SIGN_ENTITLEMENTS[sdk=iphoneos*]" = AgntMobile/AgntMobile.entitlements;
				CODE_SIGN_IDENTITY = "Apple Development";
				CODE_SIGN_STYLE = Automatic;
				CURRENT_PROJECT_VERSION = 113;
				DEVELOPMENT_TEAM = HR24WHR326;
				ENABLE_PREVIEWS = YES;
				GENERATE_INFOPLIST_FILE = NO;
				INFOPLIST_FILE = "BuildSupport/AgntMobile-Info.plist";
				INFOPLIST_KEY_CFBundleDisplayName = agnt;
				INFOPLIST_KEY_LSApplicationCategoryType = "public.app-category.developer-tools";
				INFOPLIST_KEY_NSLocalNetworkUsageDescription = "AgntMobile needs local network access to connect to your Codex app-server running on your Mac.";
				INFOPLIST_KEY_NSPhotoLibraryUsageDescription = "AgntMobile needs photo library access to let you attach images to your messages.";
				INFOPLIST_KEY_UIApplicationSceneManifest_Generation = YES;
				INFOPLIST_KEY_UIApplicationSupportsIndirectInputEvents = YES;
				INFOPLIST_KEY_UILaunchScreen_Generation = YES;
				INFOPLIST_KEY_UISupportedInterfaceOrientations_iPad = "UIInterfaceOrientationPortrait UIInterfaceOrientationPortraitUpsideDown UIInterfaceOrientationLandscapeLeft UIInterfaceOrientationLandscapeRight";
				INFOPLIST_KEY_UISupportedInterfaceOrientations_iPhone = "UIInterfaceOrientationPortrait UIInterfaceOrientationLandscapeLeft UIInterfaceOrientationLandscapeRight";
				IPHONEOS_DEPLOYMENT_TARGET = 18.6;
				LD_RUNPATH_SEARCH_PATHS = (
					"$(inherited)",
					"@executable_path/Frameworks",
				);
				MARKETING_VERSION = 1.5;
				PRODUCT_BUNDLE_IDENTIFIER = com.dotbrains.agnt.AgntMobile;
				PRODUCT_NAME = "$(TARGET_NAME)";
				PROVISIONING_PROFILE_SPECIFIER = "";
				STRING_CATALOG_GENERATE_SYMBOLS = YES;
				SUPPORTED_PLATFORMS = "iphoneos iphonesimulator";
				SUPPORTS_MACCATALYST = NO;
				SUPPORTS_MAC_DESIGNED_FOR_IPHONE_IPAD = NO;
				SWIFT_APPROACHABLE_CONCURRENCY = YES;
				SWIFT_DEFAULT_ACTOR_ISOLATION = MainActor;
				SWIFT_EMIT_LOC_STRINGS = YES;
				SWIFT_UPCOMING_FEATURE_MEMBER_IMPORT_VISIBILITY = YES;
				SWIFT_VERSION = 5.0;
				TARGETED_DEVICE_FAMILY = 1;
			};
			name = Release;
		};
		F3FD411C7FC1B35EF716DE7C /* Release */ = {
			isa = XCBuildConfiguration;
			baseConfigurationReference = 3B1A9C7D5E4F60718293A4B5 /* BuildSupport/Base.xcconfig */;
			buildSettings = {
				ASSETCATALOG_COMPILER_APPICON_NAME = Agnt;
				ASSETCATALOG_COMPILER_GLOBAL_ACCENT_COLOR_NAME = AccentColor;
				CODE_SIGN_IDENTITY = "Apple Development";
				CODE_SIGN_STYLE = Automatic;
				COMBINE_HIDPI_IMAGES = YES;
				CURRENT_PROJECT_VERSION = 1;
				DEVELOPMENT_TEAM = HR24WHR326;
				ENABLE_PREVIEWS = YES;
				GENERATE_INFOPLIST_FILE = NO;
				INFOPLIST_FILE = "BuildSupport/AgntMenuBar-Info.plist";
				INFOPLIST_KEY_CFBundleDisplayName = "agnt Companion";
				LD_RUNPATH_SEARCH_PATHS = (
					"$(inherited)",
					"@executable_path/../Frameworks",
				);
				MACOSX_DEPLOYMENT_TARGET = 14.0;
				MARKETING_VERSION = 1.0;
				PRODUCT_BUNDLE_IDENTIFIER = com.dotbrains.agnt.AgntMenuBar;
				PRODUCT_NAME = "$(TARGET_NAME)";
				SDKROOT = macosx;
				STRING_CATALOG_GENERATE_SYMBOLS = YES;
				SUPPORTED_PLATFORMS = macosx;
				SWIFT_APPROACHABLE_CONCURRENCY = YES;
				SWIFT_DEFAULT_ACTOR_ISOLATION = MainActor;
				SWIFT_EMIT_LOC_STRINGS = YES;
				SWIFT_UPCOMING_FEATURE_MEMBER_IMPORT_VISIBILITY = YES;
				SWIFT_VERSION = 5.0;
			};
			name = Release;
		};
		FAEEA48258EA5647873C3AD6 /* Debug */ = {
			isa = XCBuildConfiguration;
			baseConfigurationReference = 3B1A9C7D5E4F60718293A4B5 /* BuildSupport/Base.xcconfig */;
			buildSettings = {
				ASSETCATALOG_COMPILER_APPICON_NAME = Agnt;
				ASSETCATALOG_COMPILER_GLOBAL_ACCENT_COLOR_NAME = AccentColor;
				CODE_SIGN_IDENTITY = "Apple Development";
				CODE_SIGN_STYLE = Automatic;
				COMBINE_HIDPI_IMAGES = YES;
				CURRENT_PROJECT_VERSION = 1;
				DEVELOPMENT_TEAM = HR24WHR326;
				ENABLE_PREVIEWS = YES;
				GENERATE_INFOPLIST_FILE = NO;
				INFOPLIST_FILE = "BuildSupport/AgntMenuBar-Info.plist";
				INFOPLIST_KEY_CFBundleDisplayName = "agnt Companion";
				LD_RUNPATH_SEARCH_PATHS = (
					"$(inherited)",
					"@executable_path/../Frameworks",
				);
				MACOSX_DEPLOYMENT_TARGET = 14.0;
				MARKETING_VERSION = 1.0;
				PRODUCT_BUNDLE_IDENTIFIER = com.dotbrains.agnt.AgntMenuBar;
				PRODUCT_NAME = "$(TARGET_NAME)";
				SDKROOT = macosx;
				STRING_CATALOG_GENERATE_SYMBOLS = YES;
				SUPPORTED_PLATFORMS = macosx;
				SWIFT_APPROACHABLE_CONCURRENCY = YES;
				SWIFT_DEFAULT_ACTOR_ISOLATION = MainActor;
				SWIFT_EMIT_LOC_STRINGS = YES;
				SWIFT_UPCOMING_FEATURE_MEMBER_IMPORT_VISIBILITY = YES;
				SWIFT_VERSION = 5.0;
			};
			name = Debug;
		};
		A6E1000000000000000006A1 /* Debug */ = {
			isa = XCBuildConfiguration;
			buildSettings = {
				ASSETCATALOG_COMPILER_GLOBAL_ACCENT_COLOR_NAME = AccentColor;
				CLANG_ENABLE_OBJC_WEAK = YES;
				CODE_SIGN_ENTITLEMENTS = AgntWidget/AgntWidget.entitlements;
				CODE_SIGN_STYLE = Automatic;
				CURRENT_PROJECT_VERSION = 113;
				DEVELOPMENT_TEAM = HR24WHR326;
				GENERATE_INFOPLIST_FILE = NO;
				INFOPLIST_FILE = AgntWidget/Info.plist;
				INFOPLIST_KEY_CFBundleDisplayName = agnt;
				INFOPLIST_KEY_NSHumanReadableCopyright = "";
				IPHONEOS_DEPLOYMENT_TARGET = 18.6;
				LD_RUNPATH_SEARCH_PATHS = (
					"$(inherited)",
					"@executable_path/Frameworks",
					"@executable_path/../../Frameworks",
				);
				MARKETING_VERSION = 1.5;
				MTL_ENABLE_DEBUG_INFO = INCLUDE_SOURCE;
				MTL_FAST_MATH = YES;
				PRODUCT_BUNDLE_IDENTIFIER = com.dotbrains.agnt.AgntMobile.AgntWidget;
				PRODUCT_NAME = "$(TARGET_NAME)";
				SDKROOT = iphoneos;
				SKIP_INSTALL = YES;
				SWIFT_ACTIVE_COMPILATION_CONDITIONS = "DEBUG $(inherited)";
				SWIFT_APPROACHABLE_CONCURRENCY = YES;
				SWIFT_DEFAULT_ACTOR_ISOLATION = MainActor;
				SWIFT_EMIT_LOC_STRINGS = YES;
				SWIFT_OPTIMIZATION_LEVEL = "-Onone";
				SWIFT_VERSION = 5.0;
				TARGETED_DEVICE_FAMILY = "1,2";
			};
			name = Debug;
		};
		A6E1000000000000000006A2 /* Release */ = {
			isa = XCBuildConfiguration;
			buildSettings = {
				ASSETCATALOG_COMPILER_GLOBAL_ACCENT_COLOR_NAME = AccentColor;
				CLANG_ENABLE_OBJC_WEAK = YES;
				CODE_SIGN_ENTITLEMENTS = AgntWidget/AgntWidget.entitlements;
				CODE_SIGN_STYLE = Automatic;
				CURRENT_PROJECT_VERSION = 113;
				DEVELOPMENT_TEAM = HR24WHR326;
				GENERATE_INFOPLIST_FILE = NO;
				INFOPLIST_FILE = AgntWidget/Info.plist;
				INFOPLIST_KEY_CFBundleDisplayName = agnt;
				INFOPLIST_KEY_NSHumanReadableCopyright = "";
				IPHONEOS_DEPLOYMENT_TARGET = 18.6;
				LD_RUNPATH_SEARCH_PATHS = (
					"$(inherited)",
					"@executable_path/Frameworks",
					"@executable_path/../../Frameworks",
				);
				MARKETING_VERSION = 1.5;
				MTL_ENABLE_DEBUG_INFO = NO;
				MTL_FAST_MATH = YES;
				PRODUCT_BUNDLE_IDENTIFIER = com.dotbrains.agnt.AgntMobile.AgntWidget;
				PRODUCT_NAME = "$(TARGET_NAME)";
				SDKROOT = iphoneos;
				SKIP_INSTALL = YES;
				SWIFT_APPROACHABLE_CONCURRENCY = YES;
				SWIFT_DEFAULT_ACTOR_ISOLATION = MainActor;
				SWIFT_EMIT_LOC_STRINGS = YES;
				SWIFT_OPTIMIZATION_LEVEL = "-O";
				SWIFT_VERSION = 5.0;
				TARGETED_DEVICE_FAMILY = "1,2";
				VALIDATE_PRODUCT = YES;
			};
			name = Release;
		};
/* End XCBuildConfiguration section */

/* Begin XCConfigurationList section */
		520922595A0A6AF31B19F229 /* Build configuration list for PBXNativeTarget "AgntMobileUITests" */ = {
			isa = XCConfigurationList;
			buildConfigurations = (
				8426CF6884E52AD84593126D /* Release */,
				65A5DA106464FE5B4A8C283B /* Debug */,
			);
			defaultConfigurationIsVisible = 0;
			defaultConfigurationName = Release;
		};
		A12D73031EE6808173A99691 /* Build configuration list for PBXNativeTarget "AgntMobileTests" */ = {
			isa = XCConfigurationList;
			buildConfigurations = (
				A71FD816CC5B382C7BEB2025 /* Release */,
				501D189BC697D4A1009B0D76 /* Debug */,
			);
			defaultConfigurationIsVisible = 0;
			defaultConfigurationName = Release;
		};
		C09A76A92F4B8D7B003B3F3A /* Build configuration list for PBXProject "AgntMobile" */ = {
			isa = XCConfigurationList;
			buildConfigurations = (
				C09A76B72F4B8D7C003B3F3A /* Debug */,
				C09A76B82F4B8D7C003B3F3A /* Release */,
			);
			defaultConfigurationIsVisible = 0;
			defaultConfigurationName = Release;
		};
		C09A76B92F4B8D7C003B3F3A /* Build configuration list for PBXNativeTarget "AgntMobile" */ = {
			isa = XCConfigurationList;
			buildConfigurations = (
				C09A76BA2F4B8D7C003B3F3A /* Debug */,
				C09A76BB2F4B8D7C003B3F3A /* Release */,
			);
			defaultConfigurationIsVisible = 0;
			defaultConfigurationName = Release;
		};
		C978CFA24307FCCEEA59F4AD /* Build configuration list for PBXNativeTarget "AgntMenuBar" */ = {
			isa = XCConfigurationList;
			buildConfigurations = (
				F3FD411C7FC1B35EF716DE7C /* Release */,
				FAEEA48258EA5647873C3AD6 /* Debug */,
			);
			defaultConfigurationIsVisible = 0;
			defaultConfigurationName = Release;
		};
		A6E1000000000000000006A0 /* Build configuration list for PBXNativeTarget "AgntWidget" */ = {
			isa = XCConfigurationList;
			buildConfigurations = (
				A6E1000000000000000006A1 /* Debug */,
				A6E1000000000000000006A2 /* Release */,
			);
			defaultConfigurationIsVisible = 0;
			defaultConfigurationName = Release;
		};
/* End XCConfigurationList section */

/* Begin XCRemoteSwiftPackageReference section */
		C078C1A02F79000100BEEF01 /* XCRemoteSwiftPackageReference "Citadel" */ = {
			isa = XCRemoteSwiftPackageReference;
			repositoryURL = "https://github.com/orlandos-nl/Citadel.git";
			requirement = {
				branch = main;
				kind = branch;
			};
		};
		C0DED3342F5E39DC0021A8E8 /* XCRemoteSwiftPackageReference "textual" */ = {
			isa = XCRemoteSwiftPackageReference;
			repositoryURL = "https://github.com/gonzalezreal/textual.git";
			requirement = {
				kind = upToNextMajorVersion;
				minimumVersion = 0.3.1;
			};
		};
		DEC0DE000000000000000A01 /* XCRemoteSwiftPackageReference "Runestone" */ = {
			isa = XCRemoteSwiftPackageReference;
			repositoryURL = "https://github.com/simonbs/Runestone";
			requirement = {
				kind = upToNextMajorVersion;
				minimumVersion = 0.5.2;
			};
		};
		DEC0DE000000000000000A02 /* XCRemoteSwiftPackageReference "TreeSitterLanguages" */ = {
			isa = XCRemoteSwiftPackageReference;
			repositoryURL = "https://github.com/simonbs/TreeSitterLanguages";
			requirement = {
				kind = upToNextMajorVersion;
				minimumVersion = 0.1.10;
			};
		};
/* End XCRemoteSwiftPackageReference section */

/* Begin XCSwiftPackageProductDependency section */
		C078C1A12F79000100BEEF01 /* Citadel */ = {
			isa = XCSwiftPackageProductDependency;
			package = C078C1A02F79000100BEEF01 /* XCRemoteSwiftPackageReference "Citadel" */;
			productName = Citadel;
		};
		C0DED3352F5E39DC0021A8E8 /* Textual */ = {
			isa = XCSwiftPackageProductDependency;
			package = C0DED3342F5E39DC0021A8E8 /* XCRemoteSwiftPackageReference "textual" */;
			productName = Textual;
		};
		DEC0DE000000000000000100 /* Runestone */ = {
			isa = XCSwiftPackageProductDependency;
			package = DEC0DE000000000000000A01 /* XCRemoteSwiftPackageReference "Runestone" */;
			productName = Runestone;
		};
		DEC0DE000000000000000101 /* TreeSitterBashRunestone */ = {
			isa = XCSwiftPackageProductDependency;
			package = DEC0DE000000000000000A02 /* XCRemoteSwiftPackageReference "TreeSitterLanguages" */;
			productName = TreeSitterBashRunestone;
		};
		DEC0DE000000000000000102 /* TreeSitterCRunestone */ = {
			isa = XCSwiftPackageProductDependency;
			package = DEC0DE000000000000000A02 /* XCRemoteSwiftPackageReference "TreeSitterLanguages" */;
			productName = TreeSitterCRunestone;
		};
		DEC0DE000000000000000103 /* TreeSitterCPPRunestone */ = {
			isa = XCSwiftPackageProductDependency;
			package = DEC0DE000000000000000A02 /* XCRemoteSwiftPackageReference "TreeSitterLanguages" */;
			productName = TreeSitterCPPRunestone;
		};
		DEC0DE000000000000000104 /* TreeSitterCSSRunestone */ = {
			isa = XCSwiftPackageProductDependency;
			package = DEC0DE000000000000000A02 /* XCRemoteSwiftPackageReference "TreeSitterLanguages" */;
			productName = TreeSitterCSSRunestone;
		};
		DEC0DE000000000000000105 /* TreeSitterCSharpRunestone */ = {
			isa = XCSwiftPackageProductDependency;
			package = DEC0DE000000000000000A02 /* XCRemoteSwiftPackageReference "TreeSitterLanguages" */;
			productName = TreeSitterCSharpRunestone;
		};
		DEC0DE000000000000000106 /* TreeSitterGoRunestone */ = {
			isa = XCSwiftPackageProductDependency;
			package = DEC0DE000000000000000A02 /* XCRemoteSwiftPackageReference "TreeSitterLanguages" */;
			productName = TreeSitterGoRunestone;
		};
		DEC0DE000000000000000107 /* TreeSitterHTMLRunestone */ = {
			isa = XCSwiftPackageProductDependency;
			package = DEC0DE000000000000000A02 /* XCRemoteSwiftPackageReference "TreeSitterLanguages" */;
			productName = TreeSitterHTMLRunestone;
		};
		DEC0DE000000000000000108 /* TreeSitterJavaRunestone */ = {
			isa = XCSwiftPackageProductDependency;
			package = DEC0DE000000000000000A02 /* XCRemoteSwiftPackageReference "TreeSitterLanguages" */;
			productName = TreeSitterJavaRunestone;
		};
		DEC0DE000000000000000109 /* TreeSitterJavaScriptRunestone */ = {
			isa = XCSwiftPackageProductDependency;
			package = DEC0DE000000000000000A02 /* XCRemoteSwiftPackageReference "TreeSitterLanguages" */;
			productName = TreeSitterJavaScriptRunestone;
		};
		DEC0DE00000000000000010A /* TreeSitterJSONRunestone */ = {
			isa = XCSwiftPackageProductDependency;
			package = DEC0DE000000000000000A02 /* XCRemoteSwiftPackageReference "TreeSitterLanguages" */;
			productName = TreeSitterJSONRunestone;
		};
		DEC0DE00000000000000010B /* TreeSitterMarkdownRunestone */ = {
			isa = XCSwiftPackageProductDependency;
			package = DEC0DE000000000000000A02 /* XCRemoteSwiftPackageReference "TreeSitterLanguages" */;
			productName = TreeSitterMarkdownRunestone;
		};
		DEC0DE00000000000000010C /* TreeSitterPythonRunestone */ = {
			isa = XCSwiftPackageProductDependency;
			package = DEC0DE000000000000000A02 /* XCRemoteSwiftPackageReference "TreeSitterLanguages" */;
			productName = TreeSitterPythonRunestone;
		};
		DEC0DE00000000000000010D /* TreeSitterRubyRunestone */ = {
			isa = XCSwiftPackageProductDependency;
			package = DEC0DE000000000000000A02 /* XCRemoteSwiftPackageReference "TreeSitterLanguages" */;
			productName = TreeSitterRubyRunestone;
		};
		DEC0DE00000000000000010E /* TreeSitterRustRunestone */ = {
			isa = XCSwiftPackageProductDependency;
			package = DEC0DE000000000000000A02 /* XCRemoteSwiftPackageReference "TreeSitterLanguages" */;
			productName = TreeSitterRustRunestone;
		};
		DEC0DE00000000000000010F /* TreeSitterSQLRunestone */ = {
			isa = XCSwiftPackageProductDependency;
			package = DEC0DE000000000000000A02 /* XCRemoteSwiftPackageReference "TreeSitterLanguages" */;
			productName = TreeSitterSQLRunestone;
		};
		DEC0DE000000000000000110 /* TreeSitterSwiftRunestone */ = {
			isa = XCSwiftPackageProductDependency;
			package = DEC0DE000000000000000A02 /* XCRemoteSwiftPackageReference "TreeSitterLanguages" */;
			productName = TreeSitterSwiftRunestone;
		};
		DEC0DE000000000000000111 /* TreeSitterTOMLRunestone */ = {
			isa = XCSwiftPackageProductDependency;
			package = DEC0DE000000000000000A02 /* XCRemoteSwiftPackageReference "TreeSitterLanguages" */;
			productName = TreeSitterTOMLRunestone;
		};
		DEC0DE000000000000000112 /* TreeSitterTSXRunestone */ = {
			isa = XCSwiftPackageProductDependency;
			package = DEC0DE000000000000000A02 /* XCRemoteSwiftPackageReference "TreeSitterLanguages" */;
			productName = TreeSitterTSXRunestone;
		};
		DEC0DE000000000000000113 /* TreeSitterTypeScriptRunestone */ = {
			isa = XCSwiftPackageProductDependency;
			package = DEC0DE000000000000000A02 /* XCRemoteSwiftPackageReference "TreeSitterLanguages" */;
			productName = TreeSitterTypeScriptRunestone;
		};
		DEC0DE000000000000000114 /* TreeSitterYAMLRunestone */ = {
			isa = XCSwiftPackageProductDependency;
			package = DEC0DE000000000000000A02 /* XCRemoteSwiftPackageReference "TreeSitterLanguages" */;
			productName = TreeSitterYAMLRunestone;
		};
/* End XCSwiftPackageProductDependency section */
	};
	rootObject = C09A76A62F4B8D7B003B3F3A /* Project object */;
}
